
Microsoft Visual Studio Solution File, Format Version 12.00
# Visual Studio Version 17
VisualStudioVersion = 17.0.31612.314
MinimumVisualStudioVersion = 10.0.40219.1
Project("{9A19103F-16F7-4668-BE54-9A1E7A4F7556}") = "Titan", "src\Titan\Titan.csproj", "{025925E7-2C0E-45D7-864D-021620636B18}"
EndProject
Project("{2150E333-8FDC-42A3-9474-1A3956D46DE8}") = "Engine", "Engine", "{74127627-7DB8-4DB4-B491-454C750DB930}"
EndProject
Project("{9A19103F-16F7-4668-BE54-9A1E7A4F7556}") = "Titan.Core", "src\Titan.Core\Titan.Core.csproj", "{387D90C1-A3E5-4D61-AD3B-422CD6A42283}"
EndProject
Project("{9A19103F-16F7-4668-BE54-9A1E7A4F7556}") = "Titan.Windows", "src\Titan.Windows\Titan.Windows.csproj", "{DEADA75B-515F-4A03-8178-ACB4E2913738}"
EndProject
Project("{9A19103F-16F7-4668-BE54-9A1E7A4F7556}") = "Titan.Graphics", "src\Titan.Graphics\Titan.Graphics.csproj", "{088C5B7B-115D-49C9-963C-EBBE9D995648}"
EndProject
Project("{9A19103F-16F7-4668-BE54-9A1E7A4F7556}") = "Titan.Assets", "src\Titan.Assets\Titan.Assets.csproj", "{09AE8312-C593-4D53-9895-8556CACCFB11}"
EndProject
Project("{2150E333-8FDC-42A3-9474-1A3956D46DE8}") = "Tools", "Tools", "{D078C8E6-5D88-4DF0-9425-84E84CB7A6CD}"
EndProject
Project("{9A19103F-16F7-4668-BE54-9A1E7A4F7556}") = "Titan.CodeGeneration", "src\Titan.CodeGeneration\Titan.CodeGeneration.csproj", "{458692E9-0A02-48D2-9DD5-D326478313A2}"
EndProject
Project("{9A19103F-16F7-4668-BE54-9A1E7A4F7556}") = "Tools.Core", "src\Tools.Core\Tools.Core.csproj", "{0C0ABB2C-BD95-406F-A6BB-82370E3820F7}"
EndProject
Project("{9A19103F-16F7-4668-BE54-9A1E7A4F7556}") = "Tools.ModelBuilder", "src\Tools.ModelBuilder\Tools.ModelBuilder.csproj", "{BB5CE964-F58E-496F-A833-B9DD29802E8C}"
EndProject
Project("{9A19103F-16F7-4668-BE54-9A1E7A4F7556}") = "Titan.ECS", "src\Titan.ECS\Titan.ECS.csproj", "{972296BE-2FC7-4AB7-8242-8B88E3CA970C}"
EndProject
Project("{2150E333-8FDC-42A3-9474-1A3956D46DE8}") = "Tests", "Tests", "{2E5F74ED-A362-46AD-81EF-3D06CC61DF7C}"
EndProject
Project("{9A19103F-16F7-4668-BE54-9A1E7A4F7556}") = "Titan.ECS.Tests", "tests\Titan.ECS.Tests\Titan.ECS.Tests.csproj", "{60783C89-5057-4D0C-A1FE-642D761AED75}"
EndProject
Project("{9A19103F-16F7-4668-BE54-9A1E7A4F7556}") = "Titan.Sandbox", "samples\Titan.Sandbox\Titan.Sandbox.csproj", "{27B06914-7F39-414F-A4B5-427EB8680E86}"
EndProject
Project("{2150E333-8FDC-42A3-9474-1A3956D46DE8}") = "Samples", "Samples", "{9DCCF95F-43AF-4B38-AAB8-4C07AC075E10}"
EndProject
Project("{9A19103F-16F7-4668-BE54-9A1E7A4F7556}") = "Titan.UI", "src\Titan.UI\Titan.UI.csproj", "{1EB71319-7D03-4426-8321-5F4DADA3456C}"
EndProject
Project("{9A19103F-16F7-4668-BE54-9A1E7A4F7556}") = "Titan.Input", "src\Titan.Input\Titan.Input.csproj", "{3F516423-6920-4DC6-8AE7-D5BB33E3C215}"
EndProject
Project("{9A19103F-16F7-4668-BE54-9A1E7A4F7556}") = "Tools.FontBuilder", "src\Tools.FontBuilder\Tools.FontBuilder.csproj", "{3D7C970F-9CFA-4AA9-8E8E-F1E850DE0745}"
EndProject
Project("{9A19103F-16F7-4668-BE54-9A1E7A4F7556}") = "Tools.AtlasBuilder", "src\Tools.AtlasBuilder\Tools.AtlasBuilder.csproj", "{1BF75D92-5F7B-4AEE-969B-267956A13393}"
EndProject
Project("{9A19103F-16F7-4668-BE54-9A1E7A4F7556}") = "Titan.Physics", "src\Titan.Physics\Titan.Physics.csproj", "{1DFFC1E2-AED1-4061-A21F-AF6296A95F96}"
EndProject
Project("{9A19103F-16F7-4668-BE54-9A1E7A4F7556}") = "Titan.Sound", "src\Titan.Sound\Titan.Sound.csproj", "{04AB8E57-9333-4191-8941-D4B244AF0441}"
EndProject
Project("{9A19103F-16F7-4668-BE54-9A1E7A4F7556}") = "Titan.Core.Tests", "tests\Titan.Core.Tests\Titan.Core.Tests.csproj", "{4736CCBC-C6E2-4131-8DB1-AB48A4AB810F}"
EndProject
Project("{9A19103F-16F7-4668-BE54-9A1E7A4F7556}") = "Titan.Memory", "src\Titan.Memory\Titan.Memory.csproj", "{159C2AB9-061B-4359-8417-558657D86D8F}"
EndProject
Project("{9A19103F-16F7-4668-BE54-9A1E7A4F7556}") = "Titan.Shaders", "src\Titan.Shaders\Titan.Shaders.csproj", "{7328CD80-112A-4954-A5DD-4FB196E87580}"
EndProject
Project("{9A19103F-16F7-4668-BE54-9A1E7A4F7556}") = "Titan.Tools.ManifestBuilder", "tools\Titan.Tools.ManifestBuilder\Titan.Tools.ManifestBuilder.csproj", "{B60E9BE5-E1D7-4DBF-BDD8-898D5B58CE13}"
EndProject
Project("{9A19103F-16F7-4668-BE54-9A1E7A4F7556}") = "Titan.Tools.Packager", "tools\Titan.Tools.Packager\Titan.Tools.Packager.csproj", "{D2C573D8-A7F1-4482-AC62-0532BFF16E21}"
EndProject
Project("{9A19103F-16F7-4668-BE54-9A1E7A4F7556}") = "Titan.Tools.Core", "tools\Titan.Tools.Core\Titan.Tools.Core.csproj", "{6709FD77-CE73-4F6D-A295-5ECE24ED8FE5}"
EndProject
Project("{FAE04EC0-301F-11D3-BF4B-00C04F79EFBC}") = "Titan.FileSystem", "src\Titan.FileSystem\Titan.FileSystem.csproj", "{8A154588-8B9B-4D32-B5E2-338D477CB219}"
EndProject
Global
	GlobalSection(SolutionConfigurationPlatforms) = preSolution
		Debug|Any CPU = Debug|Any CPU
		Debug|arm64 = Debug|arm64
		Debug|x64 = Debug|x64
		Debug|x86 = Debug|x86
		Release|Any CPU = Release|Any CPU
		Release|arm64 = Release|arm64
		Release|x64 = Release|x64
		Release|x86 = Release|x86
		Shipping|Any CPU = Shipping|Any CPU
		Shipping|arm64 = Shipping|arm64
		Shipping|x64 = Shipping|x64
		Shipping|x86 = Shipping|x86
	EndGlobalSection
	GlobalSection(ProjectConfigurationPlatforms) = postSolution
		{025925E7-2C0E-45D7-864D-021620636B18}.Debug|Any CPU.ActiveCfg = Debug|Any CPU
		{025925E7-2C0E-45D7-864D-021620636B18}.Debug|Any CPU.Build.0 = Debug|Any CPU
		{025925E7-2C0E-45D7-864D-021620636B18}.Debug|arm64.ActiveCfg = Debug|Any CPU
		{025925E7-2C0E-45D7-864D-021620636B18}.Debug|arm64.Build.0 = Debug|Any CPU
		{025925E7-2C0E-45D7-864D-021620636B18}.Debug|x64.ActiveCfg = Debug|Any CPU
		{025925E7-2C0E-45D7-864D-021620636B18}.Debug|x64.Build.0 = Debug|Any CPU
		{025925E7-2C0E-45D7-864D-021620636B18}.Debug|x86.ActiveCfg = Debug|Any CPU
		{025925E7-2C0E-45D7-864D-021620636B18}.Debug|x86.Build.0 = Debug|Any CPU
		{025925E7-2C0E-45D7-864D-021620636B18}.Release|Any CPU.ActiveCfg = Release|Any CPU
		{025925E7-2C0E-45D7-864D-021620636B18}.Release|Any CPU.Build.0 = Release|Any CPU
		{025925E7-2C0E-45D7-864D-021620636B18}.Release|arm64.ActiveCfg = Release|Any CPU
		{025925E7-2C0E-45D7-864D-021620636B18}.Release|arm64.Build.0 = Release|Any CPU
		{025925E7-2C0E-45D7-864D-021620636B18}.Release|x64.ActiveCfg = Release|Any CPU
		{025925E7-2C0E-45D7-864D-021620636B18}.Release|x64.Build.0 = Release|Any CPU
		{025925E7-2C0E-45D7-864D-021620636B18}.Release|x86.ActiveCfg = Release|Any CPU
		{025925E7-2C0E-45D7-864D-021620636B18}.Release|x86.Build.0 = Release|Any CPU
		{025925E7-2C0E-45D7-864D-021620636B18}.Shipping|Any CPU.ActiveCfg = Shipping|Any CPU
		{025925E7-2C0E-45D7-864D-021620636B18}.Shipping|Any CPU.Build.0 = Shipping|Any CPU
		{025925E7-2C0E-45D7-864D-021620636B18}.Shipping|arm64.ActiveCfg = Shipping|Any CPU
		{025925E7-2C0E-45D7-864D-021620636B18}.Shipping|arm64.Build.0 = Shipping|Any CPU
		{025925E7-2C0E-45D7-864D-021620636B18}.Shipping|x64.ActiveCfg = Shipping|Any CPU
		{025925E7-2C0E-45D7-864D-021620636B18}.Shipping|x64.Build.0 = Shipping|Any CPU
		{025925E7-2C0E-45D7-864D-021620636B18}.Shipping|x86.ActiveCfg = Shipping|Any CPU
		{025925E7-2C0E-45D7-864D-021620636B18}.Shipping|x86.Build.0 = Shipping|Any CPU
		{387D90C1-A3E5-4D61-AD3B-422CD6A42283}.Debug|Any CPU.ActiveCfg = Debug|Any CPU
		{387D90C1-A3E5-4D61-AD3B-422CD6A42283}.Debug|Any CPU.Build.0 = Debug|Any CPU
		{387D90C1-A3E5-4D61-AD3B-422CD6A42283}.Debug|arm64.ActiveCfg = Debug|Any CPU
		{387D90C1-A3E5-4D61-AD3B-422CD6A42283}.Debug|arm64.Build.0 = Debug|Any CPU
		{387D90C1-A3E5-4D61-AD3B-422CD6A42283}.Debug|x64.ActiveCfg = Debug|Any CPU
		{387D90C1-A3E5-4D61-AD3B-422CD6A42283}.Debug|x64.Build.0 = Debug|Any CPU
		{387D90C1-A3E5-4D61-AD3B-422CD6A42283}.Debug|x86.ActiveCfg = Debug|Any CPU
		{387D90C1-A3E5-4D61-AD3B-422CD6A42283}.Debug|x86.Build.0 = Debug|Any CPU
		{387D90C1-A3E5-4D61-AD3B-422CD6A42283}.Release|Any CPU.ActiveCfg = Release|Any CPU
		{387D90C1-A3E5-4D61-AD3B-422CD6A42283}.Release|Any CPU.Build.0 = Release|Any CPU
		{387D90C1-A3E5-4D61-AD3B-422CD6A42283}.Release|arm64.ActiveCfg = Release|Any CPU
		{387D90C1-A3E5-4D61-AD3B-422CD6A42283}.Release|arm64.Build.0 = Release|Any CPU
		{387D90C1-A3E5-4D61-AD3B-422CD6A42283}.Release|x64.ActiveCfg = Release|Any CPU
		{387D90C1-A3E5-4D61-AD3B-422CD6A42283}.Release|x64.Build.0 = Release|Any CPU
		{387D90C1-A3E5-4D61-AD3B-422CD6A42283}.Release|x86.ActiveCfg = Release|Any CPU
		{387D90C1-A3E5-4D61-AD3B-422CD6A42283}.Release|x86.Build.0 = Release|Any CPU
		{387D90C1-A3E5-4D61-AD3B-422CD6A42283}.Shipping|Any CPU.ActiveCfg = Shipping|Any CPU
		{387D90C1-A3E5-4D61-AD3B-422CD6A42283}.Shipping|Any CPU.Build.0 = Shipping|Any CPU
		{387D90C1-A3E5-4D61-AD3B-422CD6A42283}.Shipping|arm64.ActiveCfg = Shipping|Any CPU
		{387D90C1-A3E5-4D61-AD3B-422CD6A42283}.Shipping|arm64.Build.0 = Shipping|Any CPU
		{387D90C1-A3E5-4D61-AD3B-422CD6A42283}.Shipping|x64.ActiveCfg = Shipping|Any CPU
		{387D90C1-A3E5-4D61-AD3B-422CD6A42283}.Shipping|x64.Build.0 = Shipping|Any CPU
		{387D90C1-A3E5-4D61-AD3B-422CD6A42283}.Shipping|x86.ActiveCfg = Shipping|Any CPU
		{387D90C1-A3E5-4D61-AD3B-422CD6A42283}.Shipping|x86.Build.0 = Shipping|Any CPU
		{DEADA75B-515F-4A03-8178-ACB4E2913738}.Debug|Any CPU.ActiveCfg = Debug|Any CPU
		{DEADA75B-515F-4A03-8178-ACB4E2913738}.Debug|Any CPU.Build.0 = Debug|Any CPU
		{DEADA75B-515F-4A03-8178-ACB4E2913738}.Debug|arm64.ActiveCfg = Debug|Any CPU
		{DEADA75B-515F-4A03-8178-ACB4E2913738}.Debug|arm64.Build.0 = Debug|Any CPU
		{DEADA75B-515F-4A03-8178-ACB4E2913738}.Debug|x64.ActiveCfg = Debug|Any CPU
		{DEADA75B-515F-4A03-8178-ACB4E2913738}.Debug|x64.Build.0 = Debug|Any CPU
		{DEADA75B-515F-4A03-8178-ACB4E2913738}.Debug|x86.ActiveCfg = Debug|Any CPU
		{DEADA75B-515F-4A03-8178-ACB4E2913738}.Debug|x86.Build.0 = Debug|Any CPU
		{DEADA75B-515F-4A03-8178-ACB4E2913738}.Release|Any CPU.ActiveCfg = Release|Any CPU
		{DEADA75B-515F-4A03-8178-ACB4E2913738}.Release|Any CPU.Build.0 = Release|Any CPU
		{DEADA75B-515F-4A03-8178-ACB4E2913738}.Release|arm64.ActiveCfg = Release|Any CPU
		{DEADA75B-515F-4A03-8178-ACB4E2913738}.Release|arm64.Build.0 = Release|Any CPU
		{DEADA75B-515F-4A03-8178-ACB4E2913738}.Release|x64.ActiveCfg = Release|Any CPU
		{DEADA75B-515F-4A03-8178-ACB4E2913738}.Release|x64.Build.0 = Release|Any CPU
		{DEADA75B-515F-4A03-8178-ACB4E2913738}.Release|x86.ActiveCfg = Release|Any CPU
		{DEADA75B-515F-4A03-8178-ACB4E2913738}.Release|x86.Build.0 = Release|Any CPU
		{DEADA75B-515F-4A03-8178-ACB4E2913738}.Shipping|Any CPU.ActiveCfg = Shipping|Any CPU
		{DEADA75B-515F-4A03-8178-ACB4E2913738}.Shipping|Any CPU.Build.0 = Shipping|Any CPU
		{DEADA75B-515F-4A03-8178-ACB4E2913738}.Shipping|arm64.ActiveCfg = Shipping|Any CPU
		{DEADA75B-515F-4A03-8178-ACB4E2913738}.Shipping|arm64.Build.0 = Shipping|Any CPU
		{DEADA75B-515F-4A03-8178-ACB4E2913738}.Shipping|x64.ActiveCfg = Shipping|Any CPU
		{DEADA75B-515F-4A03-8178-ACB4E2913738}.Shipping|x64.Build.0 = Shipping|Any CPU
		{DEADA75B-515F-4A03-8178-ACB4E2913738}.Shipping|x86.ActiveCfg = Shipping|Any CPU
		{DEADA75B-515F-4A03-8178-ACB4E2913738}.Shipping|x86.Build.0 = Shipping|Any CPU
		{088C5B7B-115D-49C9-963C-EBBE9D995648}.Debug|Any CPU.ActiveCfg = Debug|Any CPU
		{088C5B7B-115D-49C9-963C-EBBE9D995648}.Debug|Any CPU.Build.0 = Debug|Any CPU
		{088C5B7B-115D-49C9-963C-EBBE9D995648}.Debug|arm64.ActiveCfg = Debug|Any CPU
		{088C5B7B-115D-49C9-963C-EBBE9D995648}.Debug|arm64.Build.0 = Debug|Any CPU
		{088C5B7B-115D-49C9-963C-EBBE9D995648}.Debug|x64.ActiveCfg = Debug|Any CPU
		{088C5B7B-115D-49C9-963C-EBBE9D995648}.Debug|x64.Build.0 = Debug|Any CPU
		{088C5B7B-115D-49C9-963C-EBBE9D995648}.Debug|x86.ActiveCfg = Debug|Any CPU
		{088C5B7B-115D-49C9-963C-EBBE9D995648}.Debug|x86.Build.0 = Debug|Any CPU
		{088C5B7B-115D-49C9-963C-EBBE9D995648}.Release|Any CPU.ActiveCfg = Release|Any CPU
		{088C5B7B-115D-49C9-963C-EBBE9D995648}.Release|Any CPU.Build.0 = Release|Any CPU
		{088C5B7B-115D-49C9-963C-EBBE9D995648}.Release|arm64.ActiveCfg = Release|Any CPU
		{088C5B7B-115D-49C9-963C-EBBE9D995648}.Release|arm64.Build.0 = Release|Any CPU
		{088C5B7B-115D-49C9-963C-EBBE9D995648}.Release|x64.ActiveCfg = Release|Any CPU
		{088C5B7B-115D-49C9-963C-EBBE9D995648}.Release|x64.Build.0 = Release|Any CPU
		{088C5B7B-115D-49C9-963C-EBBE9D995648}.Release|x86.ActiveCfg = Release|Any CPU
		{088C5B7B-115D-49C9-963C-EBBE9D995648}.Release|x86.Build.0 = Release|Any CPU
		{088C5B7B-115D-49C9-963C-EBBE9D995648}.Shipping|Any CPU.ActiveCfg = Shipping|Any CPU
		{088C5B7B-115D-49C9-963C-EBBE9D995648}.Shipping|Any CPU.Build.0 = Shipping|Any CPU
		{088C5B7B-115D-49C9-963C-EBBE9D995648}.Shipping|arm64.ActiveCfg = Shipping|Any CPU
		{088C5B7B-115D-49C9-963C-EBBE9D995648}.Shipping|arm64.Build.0 = Shipping|Any CPU
		{088C5B7B-115D-49C9-963C-EBBE9D995648}.Shipping|x64.ActiveCfg = Shipping|Any CPU
		{088C5B7B-115D-49C9-963C-EBBE9D995648}.Shipping|x64.Build.0 = Shipping|Any CPU
		{088C5B7B-115D-49C9-963C-EBBE9D995648}.Shipping|x86.ActiveCfg = Shipping|Any CPU
		{088C5B7B-115D-49C9-963C-EBBE9D995648}.Shipping|x86.Build.0 = Shipping|Any CPU
		{09AE8312-C593-4D53-9895-8556CACCFB11}.Debug|Any CPU.ActiveCfg = Debug|Any CPU
		{09AE8312-C593-4D53-9895-8556CACCFB11}.Debug|Any CPU.Build.0 = Debug|Any CPU
		{09AE8312-C593-4D53-9895-8556CACCFB11}.Debug|arm64.ActiveCfg = Debug|Any CPU
		{09AE8312-C593-4D53-9895-8556CACCFB11}.Debug|arm64.Build.0 = Debug|Any CPU
		{09AE8312-C593-4D53-9895-8556CACCFB11}.Debug|x64.ActiveCfg = Debug|Any CPU
		{09AE8312-C593-4D53-9895-8556CACCFB11}.Debug|x64.Build.0 = Debug|Any CPU
		{09AE8312-C593-4D53-9895-8556CACCFB11}.Debug|x86.ActiveCfg = Debug|Any CPU
		{09AE8312-C593-4D53-9895-8556CACCFB11}.Debug|x86.Build.0 = Debug|Any CPU
		{09AE8312-C593-4D53-9895-8556CACCFB11}.Release|Any CPU.ActiveCfg = Release|Any CPU
		{09AE8312-C593-4D53-9895-8556CACCFB11}.Release|Any CPU.Build.0 = Release|Any CPU
		{09AE8312-C593-4D53-9895-8556CACCFB11}.Release|arm64.ActiveCfg = Release|Any CPU
		{09AE8312-C593-4D53-9895-8556CACCFB11}.Release|arm64.Build.0 = Release|Any CPU
		{09AE8312-C593-4D53-9895-8556CACCFB11}.Release|x64.ActiveCfg = Release|Any CPU
		{09AE8312-C593-4D53-9895-8556CACCFB11}.Release|x64.Build.0 = Release|Any CPU
		{09AE8312-C593-4D53-9895-8556CACCFB11}.Release|x86.ActiveCfg = Release|Any CPU
		{09AE8312-C593-4D53-9895-8556CACCFB11}.Release|x86.Build.0 = Release|Any CPU
		{09AE8312-C593-4D53-9895-8556CACCFB11}.Shipping|Any CPU.ActiveCfg = Shipping|Any CPU
		{09AE8312-C593-4D53-9895-8556CACCFB11}.Shipping|Any CPU.Build.0 = Shipping|Any CPU
		{09AE8312-C593-4D53-9895-8556CACCFB11}.Shipping|arm64.ActiveCfg = Shipping|Any CPU
		{09AE8312-C593-4D53-9895-8556CACCFB11}.Shipping|arm64.Build.0 = Shipping|Any CPU
		{09AE8312-C593-4D53-9895-8556CACCFB11}.Shipping|x64.ActiveCfg = Shipping|Any CPU
		{09AE8312-C593-4D53-9895-8556CACCFB11}.Shipping|x64.Build.0 = Shipping|Any CPU
		{09AE8312-C593-4D53-9895-8556CACCFB11}.Shipping|x86.ActiveCfg = Shipping|Any CPU
		{09AE8312-C593-4D53-9895-8556CACCFB11}.Shipping|x86.Build.0 = Shipping|Any CPU
		{458692E9-0A02-48D2-9DD5-D326478313A2}.Debug|Any CPU.ActiveCfg = Debug|Any CPU
		{458692E9-0A02-48D2-9DD5-D326478313A2}.Debug|Any CPU.Build.0 = Debug|Any CPU
		{458692E9-0A02-48D2-9DD5-D326478313A2}.Debug|arm64.ActiveCfg = Debug|Any CPU
		{458692E9-0A02-48D2-9DD5-D326478313A2}.Debug|arm64.Build.0 = Debug|Any CPU
		{458692E9-0A02-48D2-9DD5-D326478313A2}.Debug|x64.ActiveCfg = Debug|Any CPU
		{458692E9-0A02-48D2-9DD5-D326478313A2}.Debug|x64.Build.0 = Debug|Any CPU
		{458692E9-0A02-48D2-9DD5-D326478313A2}.Debug|x86.ActiveCfg = Debug|Any CPU
		{458692E9-0A02-48D2-9DD5-D326478313A2}.Debug|x86.Build.0 = Debug|Any CPU
		{458692E9-0A02-48D2-9DD5-D326478313A2}.Release|Any CPU.ActiveCfg = Release|Any CPU
		{458692E9-0A02-48D2-9DD5-D326478313A2}.Release|Any CPU.Build.0 = Release|Any CPU
		{458692E9-0A02-48D2-9DD5-D326478313A2}.Release|arm64.ActiveCfg = Release|Any CPU
		{458692E9-0A02-48D2-9DD5-D326478313A2}.Release|arm64.Build.0 = Release|Any CPU
		{458692E9-0A02-48D2-9DD5-D326478313A2}.Release|x64.ActiveCfg = Release|Any CPU
		{458692E9-0A02-48D2-9DD5-D326478313A2}.Release|x64.Build.0 = Release|Any CPU
		{458692E9-0A02-48D2-9DD5-D326478313A2}.Release|x86.ActiveCfg = Release|Any CPU
		{458692E9-0A02-48D2-9DD5-D326478313A2}.Release|x86.Build.0 = Release|Any CPU
		{458692E9-0A02-48D2-9DD5-D326478313A2}.Shipping|Any CPU.ActiveCfg = Shipping|Any CPU
		{458692E9-0A02-48D2-9DD5-D326478313A2}.Shipping|Any CPU.Build.0 = Shipping|Any CPU
		{458692E9-0A02-48D2-9DD5-D326478313A2}.Shipping|arm64.ActiveCfg = Shipping|Any CPU
		{458692E9-0A02-48D2-9DD5-D326478313A2}.Shipping|arm64.Build.0 = Shipping|Any CPU
		{458692E9-0A02-48D2-9DD5-D326478313A2}.Shipping|x64.ActiveCfg = Shipping|Any CPU
		{458692E9-0A02-48D2-9DD5-D326478313A2}.Shipping|x64.Build.0 = Shipping|Any CPU
		{458692E9-0A02-48D2-9DD5-D326478313A2}.Shipping|x86.ActiveCfg = Shipping|Any CPU
		{458692E9-0A02-48D2-9DD5-D326478313A2}.Shipping|x86.Build.0 = Shipping|Any CPU
		{0C0ABB2C-BD95-406F-A6BB-82370E3820F7}.Debug|Any CPU.ActiveCfg = Debug|Any CPU
		{0C0ABB2C-BD95-406F-A6BB-82370E3820F7}.Debug|Any CPU.Build.0 = Debug|Any CPU
		{0C0ABB2C-BD95-406F-A6BB-82370E3820F7}.Debug|arm64.ActiveCfg = Debug|Any CPU
		{0C0ABB2C-BD95-406F-A6BB-82370E3820F7}.Debug|arm64.Build.0 = Debug|Any CPU
		{0C0ABB2C-BD95-406F-A6BB-82370E3820F7}.Debug|x64.ActiveCfg = Debug|Any CPU
		{0C0ABB2C-BD95-406F-A6BB-82370E3820F7}.Debug|x64.Build.0 = Debug|Any CPU
		{0C0ABB2C-BD95-406F-A6BB-82370E3820F7}.Debug|x86.ActiveCfg = Debug|Any CPU
		{0C0ABB2C-BD95-406F-A6BB-82370E3820F7}.Debug|x86.Build.0 = Debug|Any CPU
		{0C0ABB2C-BD95-406F-A6BB-82370E3820F7}.Release|Any CPU.ActiveCfg = Release|Any CPU
		{0C0ABB2C-BD95-406F-A6BB-82370E3820F7}.Release|Any CPU.Build.0 = Release|Any CPU
		{0C0ABB2C-BD95-406F-A6BB-82370E3820F7}.Release|arm64.ActiveCfg = Release|Any CPU
		{0C0ABB2C-BD95-406F-A6BB-82370E3820F7}.Release|arm64.Build.0 = Release|Any CPU
		{0C0ABB2C-BD95-406F-A6BB-82370E3820F7}.Release|x64.ActiveCfg = Release|Any CPU
		{0C0ABB2C-BD95-406F-A6BB-82370E3820F7}.Release|x64.Build.0 = Release|Any CPU
		{0C0ABB2C-BD95-406F-A6BB-82370E3820F7}.Release|x86.ActiveCfg = Release|Any CPU
		{0C0ABB2C-BD95-406F-A6BB-82370E3820F7}.Release|x86.Build.0 = Release|Any CPU
		{0C0ABB2C-BD95-406F-A6BB-82370E3820F7}.Shipping|Any CPU.ActiveCfg = Shipping|Any CPU
		{0C0ABB2C-BD95-406F-A6BB-82370E3820F7}.Shipping|arm64.ActiveCfg = Shipping|Any CPU
		{0C0ABB2C-BD95-406F-A6BB-82370E3820F7}.Shipping|arm64.Build.0 = Shipping|Any CPU
		{0C0ABB2C-BD95-406F-A6BB-82370E3820F7}.Shipping|x64.ActiveCfg = Shipping|Any CPU
		{0C0ABB2C-BD95-406F-A6BB-82370E3820F7}.Shipping|x64.Build.0 = Shipping|Any CPU
		{0C0ABB2C-BD95-406F-A6BB-82370E3820F7}.Shipping|x86.ActiveCfg = Shipping|Any CPU
		{0C0ABB2C-BD95-406F-A6BB-82370E3820F7}.Shipping|x86.Build.0 = Shipping|Any CPU
		{BB5CE964-F58E-496F-A833-B9DD29802E8C}.Debug|Any CPU.ActiveCfg = Debug|Any CPU
		{BB5CE964-F58E-496F-A833-B9DD29802E8C}.Debug|Any CPU.Build.0 = Debug|Any CPU
		{BB5CE964-F58E-496F-A833-B9DD29802E8C}.Debug|arm64.ActiveCfg = Debug|Any CPU
		{BB5CE964-F58E-496F-A833-B9DD29802E8C}.Debug|arm64.Build.0 = Debug|Any CPU
		{BB5CE964-F58E-496F-A833-B9DD29802E8C}.Debug|x64.ActiveCfg = Debug|Any CPU
		{BB5CE964-F58E-496F-A833-B9DD29802E8C}.Debug|x64.Build.0 = Debug|Any CPU
		{BB5CE964-F58E-496F-A833-B9DD29802E8C}.Debug|x86.ActiveCfg = Debug|Any CPU
		{BB5CE964-F58E-496F-A833-B9DD29802E8C}.Debug|x86.Build.0 = Debug|Any CPU
		{BB5CE964-F58E-496F-A833-B9DD29802E8C}.Release|Any CPU.ActiveCfg = Release|Any CPU
		{BB5CE964-F58E-496F-A833-B9DD29802E8C}.Release|Any CPU.Build.0 = Release|Any CPU
		{BB5CE964-F58E-496F-A833-B9DD29802E8C}.Release|arm64.ActiveCfg = Release|Any CPU
		{BB5CE964-F58E-496F-A833-B9DD29802E8C}.Release|arm64.Build.0 = Release|Any CPU
		{BB5CE964-F58E-496F-A833-B9DD29802E8C}.Release|x64.ActiveCfg = Release|Any CPU
		{BB5CE964-F58E-496F-A833-B9DD29802E8C}.Release|x64.Build.0 = Release|Any CPU
		{BB5CE964-F58E-496F-A833-B9DD29802E8C}.Release|x86.ActiveCfg = Release|Any CPU
		{BB5CE964-F58E-496F-A833-B9DD29802E8C}.Release|x86.Build.0 = Release|Any CPU
		{BB5CE964-F58E-496F-A833-B9DD29802E8C}.Shipping|Any CPU.ActiveCfg = Debug|Any CPU
		{BB5CE964-F58E-496F-A833-B9DD29802E8C}.Shipping|arm64.ActiveCfg = Release|Any CPU
		{BB5CE964-F58E-496F-A833-B9DD29802E8C}.Shipping|arm64.Build.0 = Release|Any CPU
		{BB5CE964-F58E-496F-A833-B9DD29802E8C}.Shipping|x64.ActiveCfg = Release|Any CPU
		{BB5CE964-F58E-496F-A833-B9DD29802E8C}.Shipping|x64.Build.0 = Release|Any CPU
		{BB5CE964-F58E-496F-A833-B9DD29802E8C}.Shipping|x86.ActiveCfg = Release|Any CPU
		{BB5CE964-F58E-496F-A833-B9DD29802E8C}.Shipping|x86.Build.0 = Release|Any CPU
		{972296BE-2FC7-4AB7-8242-8B88E3CA970C}.Debug|Any CPU.ActiveCfg = Debug|Any CPU
		{972296BE-2FC7-4AB7-8242-8B88E3CA970C}.Debug|Any CPU.Build.0 = Debug|Any CPU
		{972296BE-2FC7-4AB7-8242-8B88E3CA970C}.Debug|arm64.ActiveCfg = Debug|Any CPU
		{972296BE-2FC7-4AB7-8242-8B88E3CA970C}.Debug|arm64.Build.0 = Debug|Any CPU
		{972296BE-2FC7-4AB7-8242-8B88E3CA970C}.Debug|x64.ActiveCfg = Debug|Any CPU
		{972296BE-2FC7-4AB7-8242-8B88E3CA970C}.Debug|x64.Build.0 = Debug|Any CPU
		{972296BE-2FC7-4AB7-8242-8B88E3CA970C}.Debug|x86.ActiveCfg = Debug|Any CPU
		{972296BE-2FC7-4AB7-8242-8B88E3CA970C}.Debug|x86.Build.0 = Debug|Any CPU
		{972296BE-2FC7-4AB7-8242-8B88E3CA970C}.Release|Any CPU.ActiveCfg = Release|Any CPU
		{972296BE-2FC7-4AB7-8242-8B88E3CA970C}.Release|Any CPU.Build.0 = Release|Any CPU
		{972296BE-2FC7-4AB7-8242-8B88E3CA970C}.Release|arm64.ActiveCfg = Release|Any CPU
		{972296BE-2FC7-4AB7-8242-8B88E3CA970C}.Release|arm64.Build.0 = Release|Any CPU
		{972296BE-2FC7-4AB7-8242-8B88E3CA970C}.Release|x64.ActiveCfg = Release|Any CPU
		{972296BE-2FC7-4AB7-8242-8B88E3CA970C}.Release|x64.Build.0 = Release|Any CPU
		{972296BE-2FC7-4AB7-8242-8B88E3CA970C}.Release|x86.ActiveCfg = Release|Any CPU
		{972296BE-2FC7-4AB7-8242-8B88E3CA970C}.Release|x86.Build.0 = Release|Any CPU
		{972296BE-2FC7-4AB7-8242-8B88E3CA970C}.Shipping|Any CPU.ActiveCfg = Shipping|Any CPU
		{972296BE-2FC7-4AB7-8242-8B88E3CA970C}.Shipping|Any CPU.Build.0 = Shipping|Any CPU
		{972296BE-2FC7-4AB7-8242-8B88E3CA970C}.Shipping|arm64.ActiveCfg = Shipping|Any CPU
		{972296BE-2FC7-4AB7-8242-8B88E3CA970C}.Shipping|arm64.Build.0 = Shipping|Any CPU
		{972296BE-2FC7-4AB7-8242-8B88E3CA970C}.Shipping|x64.ActiveCfg = Shipping|Any CPU
		{972296BE-2FC7-4AB7-8242-8B88E3CA970C}.Shipping|x64.Build.0 = Shipping|Any CPU
		{972296BE-2FC7-4AB7-8242-8B88E3CA970C}.Shipping|x86.ActiveCfg = Shipping|Any CPU
		{972296BE-2FC7-4AB7-8242-8B88E3CA970C}.Shipping|x86.Build.0 = Shipping|Any CPU
		{60783C89-5057-4D0C-A1FE-642D761AED75}.Debug|Any CPU.ActiveCfg = Debug|Any CPU
		{60783C89-5057-4D0C-A1FE-642D761AED75}.Debug|Any CPU.Build.0 = Debug|Any CPU
		{60783C89-5057-4D0C-A1FE-642D761AED75}.Debug|arm64.ActiveCfg = Debug|Any CPU
		{60783C89-5057-4D0C-A1FE-642D761AED75}.Debug|arm64.Build.0 = Debug|Any CPU
		{60783C89-5057-4D0C-A1FE-642D761AED75}.Debug|x64.ActiveCfg = Debug|Any CPU
		{60783C89-5057-4D0C-A1FE-642D761AED75}.Debug|x64.Build.0 = Debug|Any CPU
		{60783C89-5057-4D0C-A1FE-642D761AED75}.Debug|x86.ActiveCfg = Debug|Any CPU
		{60783C89-5057-4D0C-A1FE-642D761AED75}.Debug|x86.Build.0 = Debug|Any CPU
		{60783C89-5057-4D0C-A1FE-642D761AED75}.Release|Any CPU.ActiveCfg = Release|Any CPU
		{60783C89-5057-4D0C-A1FE-642D761AED75}.Release|Any CPU.Build.0 = Release|Any CPU
		{60783C89-5057-4D0C-A1FE-642D761AED75}.Release|arm64.ActiveCfg = Release|Any CPU
		{60783C89-5057-4D0C-A1FE-642D761AED75}.Release|arm64.Build.0 = Release|Any CPU
		{60783C89-5057-4D0C-A1FE-642D761AED75}.Release|x64.ActiveCfg = Release|Any CPU
		{60783C89-5057-4D0C-A1FE-642D761AED75}.Release|x64.Build.0 = Release|Any CPU
		{60783C89-5057-4D0C-A1FE-642D761AED75}.Release|x86.ActiveCfg = Release|Any CPU
		{60783C89-5057-4D0C-A1FE-642D761AED75}.Release|x86.Build.0 = Release|Any CPU
		{60783C89-5057-4D0C-A1FE-642D761AED75}.Shipping|Any CPU.ActiveCfg = Debug|Any CPU
		{60783C89-5057-4D0C-A1FE-642D761AED75}.Shipping|arm64.ActiveCfg = Release|Any CPU
		{60783C89-5057-4D0C-A1FE-642D761AED75}.Shipping|arm64.Build.0 = Release|Any CPU
		{60783C89-5057-4D0C-A1FE-642D761AED75}.Shipping|x64.ActiveCfg = Release|Any CPU
		{60783C89-5057-4D0C-A1FE-642D761AED75}.Shipping|x64.Build.0 = Release|Any CPU
		{60783C89-5057-4D0C-A1FE-642D761AED75}.Shipping|x86.ActiveCfg = Release|Any CPU
		{60783C89-5057-4D0C-A1FE-642D761AED75}.Shipping|x86.Build.0 = Release|Any CPU
		{27B06914-7F39-414F-A4B5-427EB8680E86}.Debug|Any CPU.ActiveCfg = Debug|Any CPU
		{27B06914-7F39-414F-A4B5-427EB8680E86}.Debug|Any CPU.Build.0 = Debug|Any CPU
		{27B06914-7F39-414F-A4B5-427EB8680E86}.Debug|arm64.ActiveCfg = Debug|Any CPU
		{27B06914-7F39-414F-A4B5-427EB8680E86}.Debug|arm64.Build.0 = Debug|Any CPU
		{27B06914-7F39-414F-A4B5-427EB8680E86}.Debug|x64.ActiveCfg = Debug|Any CPU
		{27B06914-7F39-414F-A4B5-427EB8680E86}.Debug|x64.Build.0 = Debug|Any CPU
		{27B06914-7F39-414F-A4B5-427EB8680E86}.Debug|x86.ActiveCfg = Debug|Any CPU
		{27B06914-7F39-414F-A4B5-427EB8680E86}.Debug|x86.Build.0 = Debug|Any CPU
		{27B06914-7F39-414F-A4B5-427EB8680E86}.Release|Any CPU.ActiveCfg = Release|Any CPU
		{27B06914-7F39-414F-A4B5-427EB8680E86}.Release|Any CPU.Build.0 = Release|Any CPU
		{27B06914-7F39-414F-A4B5-427EB8680E86}.Release|arm64.ActiveCfg = Release|Any CPU
		{27B06914-7F39-414F-A4B5-427EB8680E86}.Release|arm64.Build.0 = Release|Any CPU
		{27B06914-7F39-414F-A4B5-427EB8680E86}.Release|x64.ActiveCfg = Release|Any CPU
		{27B06914-7F39-414F-A4B5-427EB8680E86}.Release|x64.Build.0 = Release|Any CPU
		{27B06914-7F39-414F-A4B5-427EB8680E86}.Release|x86.ActiveCfg = Release|Any CPU
		{27B06914-7F39-414F-A4B5-427EB8680E86}.Release|x86.Build.0 = Release|Any CPU
		{27B06914-7F39-414F-A4B5-427EB8680E86}.Shipping|Any CPU.ActiveCfg = Shipping|Any CPU
		{27B06914-7F39-414F-A4B5-427EB8680E86}.Shipping|Any CPU.Build.0 = Shipping|Any CPU
		{27B06914-7F39-414F-A4B5-427EB8680E86}.Shipping|arm64.ActiveCfg = Shipping|Any CPU
		{27B06914-7F39-414F-A4B5-427EB8680E86}.Shipping|arm64.Build.0 = Shipping|Any CPU
		{27B06914-7F39-414F-A4B5-427EB8680E86}.Shipping|x64.ActiveCfg = Shipping|Any CPU
		{27B06914-7F39-414F-A4B5-427EB8680E86}.Shipping|x64.Build.0 = Shipping|Any CPU
		{27B06914-7F39-414F-A4B5-427EB8680E86}.Shipping|x86.ActiveCfg = Shipping|Any CPU
		{27B06914-7F39-414F-A4B5-427EB8680E86}.Shipping|x86.Build.0 = Shipping|Any CPU
		{1EB71319-7D03-4426-8321-5F4DADA3456C}.Debug|Any CPU.ActiveCfg = Debug|Any CPU
		{1EB71319-7D03-4426-8321-5F4DADA3456C}.Debug|Any CPU.Build.0 = Debug|Any CPU
		{1EB71319-7D03-4426-8321-5F4DADA3456C}.Debug|arm64.ActiveCfg = Debug|Any CPU
		{1EB71319-7D03-4426-8321-5F4DADA3456C}.Debug|arm64.Build.0 = Debug|Any CPU
		{1EB71319-7D03-4426-8321-5F4DADA3456C}.Debug|x64.ActiveCfg = Debug|Any CPU
		{1EB71319-7D03-4426-8321-5F4DADA3456C}.Debug|x64.Build.0 = Debug|Any CPU
		{1EB71319-7D03-4426-8321-5F4DADA3456C}.Debug|x86.ActiveCfg = Debug|Any CPU
		{1EB71319-7D03-4426-8321-5F4DADA3456C}.Debug|x86.Build.0 = Debug|Any CPU
		{1EB71319-7D03-4426-8321-5F4DADA3456C}.Release|Any CPU.ActiveCfg = Release|Any CPU
		{1EB71319-7D03-4426-8321-5F4DADA3456C}.Release|Any CPU.Build.0 = Release|Any CPU
		{1EB71319-7D03-4426-8321-5F4DADA3456C}.Release|arm64.ActiveCfg = Release|Any CPU
		{1EB71319-7D03-4426-8321-5F4DADA3456C}.Release|arm64.Build.0 = Release|Any CPU
		{1EB71319-7D03-4426-8321-5F4DADA3456C}.Release|x64.ActiveCfg = Release|Any CPU
		{1EB71319-7D03-4426-8321-5F4DADA3456C}.Release|x64.Build.0 = Release|Any CPU
		{1EB71319-7D03-4426-8321-5F4DADA3456C}.Release|x86.ActiveCfg = Release|Any CPU
		{1EB71319-7D03-4426-8321-5F4DADA3456C}.Release|x86.Build.0 = Release|Any CPU
		{1EB71319-7D03-4426-8321-5F4DADA3456C}.Shipping|Any CPU.ActiveCfg = Shipping|Any CPU
		{1EB71319-7D03-4426-8321-5F4DADA3456C}.Shipping|Any CPU.Build.0 = Shipping|Any CPU
		{1EB71319-7D03-4426-8321-5F4DADA3456C}.Shipping|arm64.ActiveCfg = Shipping|Any CPU
		{1EB71319-7D03-4426-8321-5F4DADA3456C}.Shipping|arm64.Build.0 = Shipping|Any CPU
		{1EB71319-7D03-4426-8321-5F4DADA3456C}.Shipping|x64.ActiveCfg = Shipping|Any CPU
		{1EB71319-7D03-4426-8321-5F4DADA3456C}.Shipping|x64.Build.0 = Shipping|Any CPU
		{1EB71319-7D03-4426-8321-5F4DADA3456C}.Shipping|x86.ActiveCfg = Shipping|Any CPU
		{1EB71319-7D03-4426-8321-5F4DADA3456C}.Shipping|x86.Build.0 = Shipping|Any CPU
		{3F516423-6920-4DC6-8AE7-D5BB33E3C215}.Debug|Any CPU.ActiveCfg = Debug|Any CPU
		{3F516423-6920-4DC6-8AE7-D5BB33E3C215}.Debug|Any CPU.Build.0 = Debug|Any CPU
		{3F516423-6920-4DC6-8AE7-D5BB33E3C215}.Debug|arm64.ActiveCfg = Debug|Any CPU
		{3F516423-6920-4DC6-8AE7-D5BB33E3C215}.Debug|arm64.Build.0 = Debug|Any CPU
		{3F516423-6920-4DC6-8AE7-D5BB33E3C215}.Debug|x64.ActiveCfg = Debug|Any CPU
		{3F516423-6920-4DC6-8AE7-D5BB33E3C215}.Debug|x64.Build.0 = Debug|Any CPU
		{3F516423-6920-4DC6-8AE7-D5BB33E3C215}.Debug|x86.ActiveCfg = Debug|Any CPU
		{3F516423-6920-4DC6-8AE7-D5BB33E3C215}.Debug|x86.Build.0 = Debug|Any CPU
		{3F516423-6920-4DC6-8AE7-D5BB33E3C215}.Release|Any CPU.ActiveCfg = Release|Any CPU
		{3F516423-6920-4DC6-8AE7-D5BB33E3C215}.Release|Any CPU.Build.0 = Release|Any CPU
		{3F516423-6920-4DC6-8AE7-D5BB33E3C215}.Release|arm64.ActiveCfg = Release|Any CPU
		{3F516423-6920-4DC6-8AE7-D5BB33E3C215}.Release|arm64.Build.0 = Release|Any CPU
		{3F516423-6920-4DC6-8AE7-D5BB33E3C215}.Release|x64.ActiveCfg = Release|Any CPU
		{3F516423-6920-4DC6-8AE7-D5BB33E3C215}.Release|x64.Build.0 = Release|Any CPU
		{3F516423-6920-4DC6-8AE7-D5BB33E3C215}.Release|x86.ActiveCfg = Release|Any CPU
		{3F516423-6920-4DC6-8AE7-D5BB33E3C215}.Release|x86.Build.0 = Release|Any CPU
		{3F516423-6920-4DC6-8AE7-D5BB33E3C215}.Shipping|Any CPU.ActiveCfg = Shipping|Any CPU
		{3F516423-6920-4DC6-8AE7-D5BB33E3C215}.Shipping|Any CPU.Build.0 = Shipping|Any CPU
		{3F516423-6920-4DC6-8AE7-D5BB33E3C215}.Shipping|arm64.ActiveCfg = Shipping|Any CPU
		{3F516423-6920-4DC6-8AE7-D5BB33E3C215}.Shipping|arm64.Build.0 = Shipping|Any CPU
		{3F516423-6920-4DC6-8AE7-D5BB33E3C215}.Shipping|x64.ActiveCfg = Shipping|Any CPU
		{3F516423-6920-4DC6-8AE7-D5BB33E3C215}.Shipping|x64.Build.0 = Shipping|Any CPU
		{3F516423-6920-4DC6-8AE7-D5BB33E3C215}.Shipping|x86.ActiveCfg = Shipping|Any CPU
		{3F516423-6920-4DC6-8AE7-D5BB33E3C215}.Shipping|x86.Build.0 = Shipping|Any CPU
		{3D7C970F-9CFA-4AA9-8E8E-F1E850DE0745}.Debug|Any CPU.ActiveCfg = Debug|Any CPU
		{3D7C970F-9CFA-4AA9-8E8E-F1E850DE0745}.Debug|Any CPU.Build.0 = Debug|Any CPU
		{3D7C970F-9CFA-4AA9-8E8E-F1E850DE0745}.Debug|arm64.ActiveCfg = Debug|Any CPU
		{3D7C970F-9CFA-4AA9-8E8E-F1E850DE0745}.Debug|arm64.Build.0 = Debug|Any CPU
		{3D7C970F-9CFA-4AA9-8E8E-F1E850DE0745}.Debug|x64.ActiveCfg = Debug|Any CPU
		{3D7C970F-9CFA-4AA9-8E8E-F1E850DE0745}.Debug|x64.Build.0 = Debug|Any CPU
		{3D7C970F-9CFA-4AA9-8E8E-F1E850DE0745}.Debug|x86.ActiveCfg = Debug|Any CPU
		{3D7C970F-9CFA-4AA9-8E8E-F1E850DE0745}.Debug|x86.Build.0 = Debug|Any CPU
		{3D7C970F-9CFA-4AA9-8E8E-F1E850DE0745}.Release|Any CPU.ActiveCfg = Release|Any CPU
		{3D7C970F-9CFA-4AA9-8E8E-F1E850DE0745}.Release|Any CPU.Build.0 = Release|Any CPU
		{3D7C970F-9CFA-4AA9-8E8E-F1E850DE0745}.Release|arm64.ActiveCfg = Release|Any CPU
		{3D7C970F-9CFA-4AA9-8E8E-F1E850DE0745}.Release|arm64.Build.0 = Release|Any CPU
		{3D7C970F-9CFA-4AA9-8E8E-F1E850DE0745}.Release|x64.ActiveCfg = Release|Any CPU
		{3D7C970F-9CFA-4AA9-8E8E-F1E850DE0745}.Release|x64.Build.0 = Release|Any CPU
		{3D7C970F-9CFA-4AA9-8E8E-F1E850DE0745}.Release|x86.ActiveCfg = Release|Any CPU
		{3D7C970F-9CFA-4AA9-8E8E-F1E850DE0745}.Release|x86.Build.0 = Release|Any CPU
		{3D7C970F-9CFA-4AA9-8E8E-F1E850DE0745}.Shipping|Any CPU.ActiveCfg = Debug|Any CPU
		{3D7C970F-9CFA-4AA9-8E8E-F1E850DE0745}.Shipping|arm64.ActiveCfg = Release|Any CPU
		{3D7C970F-9CFA-4AA9-8E8E-F1E850DE0745}.Shipping|arm64.Build.0 = Release|Any CPU
		{3D7C970F-9CFA-4AA9-8E8E-F1E850DE0745}.Shipping|x64.ActiveCfg = Release|Any CPU
		{3D7C970F-9CFA-4AA9-8E8E-F1E850DE0745}.Shipping|x64.Build.0 = Release|Any CPU
		{3D7C970F-9CFA-4AA9-8E8E-F1E850DE0745}.Shipping|x86.ActiveCfg = Release|Any CPU
		{3D7C970F-9CFA-4AA9-8E8E-F1E850DE0745}.Shipping|x86.Build.0 = Release|Any CPU
		{1BF75D92-5F7B-4AEE-969B-267956A13393}.Debug|Any CPU.ActiveCfg = Debug|Any CPU
		{1BF75D92-5F7B-4AEE-969B-267956A13393}.Debug|Any CPU.Build.0 = Debug|Any CPU
		{1BF75D92-5F7B-4AEE-969B-267956A13393}.Debug|arm64.ActiveCfg = Debug|Any CPU
		{1BF75D92-5F7B-4AEE-969B-267956A13393}.Debug|arm64.Build.0 = Debug|Any CPU
		{1BF75D92-5F7B-4AEE-969B-267956A13393}.Debug|x64.ActiveCfg = Debug|Any CPU
		{1BF75D92-5F7B-4AEE-969B-267956A13393}.Debug|x64.Build.0 = Debug|Any CPU
		{1BF75D92-5F7B-4AEE-969B-267956A13393}.Debug|x86.ActiveCfg = Debug|Any CPU
		{1BF75D92-5F7B-4AEE-969B-267956A13393}.Debug|x86.Build.0 = Debug|Any CPU
		{1BF75D92-5F7B-4AEE-969B-267956A13393}.Release|Any CPU.ActiveCfg = Release|Any CPU
		{1BF75D92-5F7B-4AEE-969B-267956A13393}.Release|Any CPU.Build.0 = Release|Any CPU
		{1BF75D92-5F7B-4AEE-969B-267956A13393}.Release|arm64.ActiveCfg = Release|Any CPU
		{1BF75D92-5F7B-4AEE-969B-267956A13393}.Release|arm64.Build.0 = Release|Any CPU
		{1BF75D92-5F7B-4AEE-969B-267956A13393}.Release|x64.ActiveCfg = Release|Any CPU
		{1BF75D92-5F7B-4AEE-969B-267956A13393}.Release|x64.Build.0 = Release|Any CPU
		{1BF75D92-5F7B-4AEE-969B-267956A13393}.Release|x86.ActiveCfg = Release|Any CPU
		{1BF75D92-5F7B-4AEE-969B-267956A13393}.Release|x86.Build.0 = Release|Any CPU
		{1BF75D92-5F7B-4AEE-969B-267956A13393}.Shipping|Any CPU.ActiveCfg = Debug|Any CPU
		{1BF75D92-5F7B-4AEE-969B-267956A13393}.Shipping|arm64.ActiveCfg = Release|Any CPU
		{1BF75D92-5F7B-4AEE-969B-267956A13393}.Shipping|arm64.Build.0 = Release|Any CPU
		{1BF75D92-5F7B-4AEE-969B-267956A13393}.Shipping|x64.ActiveCfg = Release|Any CPU
		{1BF75D92-5F7B-4AEE-969B-267956A13393}.Shipping|x64.Build.0 = Release|Any CPU
		{1BF75D92-5F7B-4AEE-969B-267956A13393}.Shipping|x86.ActiveCfg = Release|Any CPU
		{1BF75D92-5F7B-4AEE-969B-267956A13393}.Shipping|x86.Build.0 = Release|Any CPU
		{1DFFC1E2-AED1-4061-A21F-AF6296A95F96}.Debug|Any CPU.ActiveCfg = Debug|Any CPU
		{1DFFC1E2-AED1-4061-A21F-AF6296A95F96}.Debug|Any CPU.Build.0 = Debug|Any CPU
		{1DFFC1E2-AED1-4061-A21F-AF6296A95F96}.Debug|arm64.ActiveCfg = Debug|Any CPU
		{1DFFC1E2-AED1-4061-A21F-AF6296A95F96}.Debug|arm64.Build.0 = Debug|Any CPU
		{1DFFC1E2-AED1-4061-A21F-AF6296A95F96}.Debug|x64.ActiveCfg = Debug|Any CPU
		{1DFFC1E2-AED1-4061-A21F-AF6296A95F96}.Debug|x64.Build.0 = Debug|Any CPU
		{1DFFC1E2-AED1-4061-A21F-AF6296A95F96}.Debug|x86.ActiveCfg = Debug|Any CPU
		{1DFFC1E2-AED1-4061-A21F-AF6296A95F96}.Debug|x86.Build.0 = Debug|Any CPU
		{1DFFC1E2-AED1-4061-A21F-AF6296A95F96}.Release|Any CPU.ActiveCfg = Release|Any CPU
		{1DFFC1E2-AED1-4061-A21F-AF6296A95F96}.Release|Any CPU.Build.0 = Release|Any CPU
		{1DFFC1E2-AED1-4061-A21F-AF6296A95F96}.Release|arm64.ActiveCfg = Release|Any CPU
		{1DFFC1E2-AED1-4061-A21F-AF6296A95F96}.Release|arm64.Build.0 = Release|Any CPU
		{1DFFC1E2-AED1-4061-A21F-AF6296A95F96}.Release|x64.ActiveCfg = Release|Any CPU
		{1DFFC1E2-AED1-4061-A21F-AF6296A95F96}.Release|x64.Build.0 = Release|Any CPU
		{1DFFC1E2-AED1-4061-A21F-AF6296A95F96}.Release|x86.ActiveCfg = Release|Any CPU
		{1DFFC1E2-AED1-4061-A21F-AF6296A95F96}.Release|x86.Build.0 = Release|Any CPU
		{1DFFC1E2-AED1-4061-A21F-AF6296A95F96}.Shipping|Any CPU.ActiveCfg = Shipping|Any CPU
		{1DFFC1E2-AED1-4061-A21F-AF6296A95F96}.Shipping|Any CPU.Build.0 = Shipping|Any CPU
		{1DFFC1E2-AED1-4061-A21F-AF6296A95F96}.Shipping|arm64.ActiveCfg = Shipping|Any CPU
		{1DFFC1E2-AED1-4061-A21F-AF6296A95F96}.Shipping|arm64.Build.0 = Shipping|Any CPU
		{1DFFC1E2-AED1-4061-A21F-AF6296A95F96}.Shipping|x64.ActiveCfg = Shipping|Any CPU
		{1DFFC1E2-AED1-4061-A21F-AF6296A95F96}.Shipping|x64.Build.0 = Shipping|Any CPU
		{1DFFC1E2-AED1-4061-A21F-AF6296A95F96}.Shipping|x86.ActiveCfg = Shipping|Any CPU
		{1DFFC1E2-AED1-4061-A21F-AF6296A95F96}.Shipping|x86.Build.0 = Shipping|Any CPU
		{04AB8E57-9333-4191-8941-D4B244AF0441}.Debug|Any CPU.ActiveCfg = Debug|Any CPU
		{04AB8E57-9333-4191-8941-D4B244AF0441}.Debug|Any CPU.Build.0 = Debug|Any CPU
		{04AB8E57-9333-4191-8941-D4B244AF0441}.Debug|arm64.ActiveCfg = Debug|Any CPU
		{04AB8E57-9333-4191-8941-D4B244AF0441}.Debug|arm64.Build.0 = Debug|Any CPU
		{04AB8E57-9333-4191-8941-D4B244AF0441}.Debug|x64.ActiveCfg = Debug|Any CPU
		{04AB8E57-9333-4191-8941-D4B244AF0441}.Debug|x64.Build.0 = Debug|Any CPU
		{04AB8E57-9333-4191-8941-D4B244AF0441}.Debug|x86.ActiveCfg = Debug|Any CPU
		{04AB8E57-9333-4191-8941-D4B244AF0441}.Debug|x86.Build.0 = Debug|Any CPU
		{04AB8E57-9333-4191-8941-D4B244AF0441}.Release|Any CPU.ActiveCfg = Release|Any CPU
		{04AB8E57-9333-4191-8941-D4B244AF0441}.Release|Any CPU.Build.0 = Release|Any CPU
		{04AB8E57-9333-4191-8941-D4B244AF0441}.Release|arm64.ActiveCfg = Release|Any CPU
		{04AB8E57-9333-4191-8941-D4B244AF0441}.Release|arm64.Build.0 = Release|Any CPU
		{04AB8E57-9333-4191-8941-D4B244AF0441}.Release|x64.ActiveCfg = Release|Any CPU
		{04AB8E57-9333-4191-8941-D4B244AF0441}.Release|x64.Build.0 = Release|Any CPU
		{04AB8E57-9333-4191-8941-D4B244AF0441}.Release|x86.ActiveCfg = Release|Any CPU
		{04AB8E57-9333-4191-8941-D4B244AF0441}.Release|x86.Build.0 = Release|Any CPU
		{04AB8E57-9333-4191-8941-D4B244AF0441}.Shipping|Any CPU.ActiveCfg = Shipping|Any CPU
		{04AB8E57-9333-4191-8941-D4B244AF0441}.Shipping|Any CPU.Build.0 = Shipping|Any CPU
		{04AB8E57-9333-4191-8941-D4B244AF0441}.Shipping|arm64.ActiveCfg = Shipping|Any CPU
		{04AB8E57-9333-4191-8941-D4B244AF0441}.Shipping|arm64.Build.0 = Shipping|Any CPU
		{04AB8E57-9333-4191-8941-D4B244AF0441}.Shipping|x64.ActiveCfg = Shipping|Any CPU
		{04AB8E57-9333-4191-8941-D4B244AF0441}.Shipping|x64.Build.0 = Shipping|Any CPU
		{04AB8E57-9333-4191-8941-D4B244AF0441}.Shipping|x86.ActiveCfg = Shipping|Any CPU
		{04AB8E57-9333-4191-8941-D4B244AF0441}.Shipping|x86.Build.0 = Shipping|Any CPU
		{4736CCBC-C6E2-4131-8DB1-AB48A4AB810F}.Debug|Any CPU.ActiveCfg = Debug|Any CPU
		{4736CCBC-C6E2-4131-8DB1-AB48A4AB810F}.Debug|Any CPU.Build.0 = Debug|Any CPU
		{4736CCBC-C6E2-4131-8DB1-AB48A4AB810F}.Debug|arm64.ActiveCfg = Debug|Any CPU
		{4736CCBC-C6E2-4131-8DB1-AB48A4AB810F}.Debug|arm64.Build.0 = Debug|Any CPU
		{4736CCBC-C6E2-4131-8DB1-AB48A4AB810F}.Debug|x64.ActiveCfg = Debug|Any CPU
		{4736CCBC-C6E2-4131-8DB1-AB48A4AB810F}.Debug|x64.Build.0 = Debug|Any CPU
		{4736CCBC-C6E2-4131-8DB1-AB48A4AB810F}.Debug|x86.ActiveCfg = Debug|Any CPU
		{4736CCBC-C6E2-4131-8DB1-AB48A4AB810F}.Debug|x86.Build.0 = Debug|Any CPU
		{4736CCBC-C6E2-4131-8DB1-AB48A4AB810F}.Release|Any CPU.ActiveCfg = Release|Any CPU
		{4736CCBC-C6E2-4131-8DB1-AB48A4AB810F}.Release|Any CPU.Build.0 = Release|Any CPU
		{4736CCBC-C6E2-4131-8DB1-AB48A4AB810F}.Release|arm64.ActiveCfg = Release|Any CPU
		{4736CCBC-C6E2-4131-8DB1-AB48A4AB810F}.Release|arm64.Build.0 = Release|Any CPU
		{4736CCBC-C6E2-4131-8DB1-AB48A4AB810F}.Release|x64.ActiveCfg = Release|Any CPU
		{4736CCBC-C6E2-4131-8DB1-AB48A4AB810F}.Release|x64.Build.0 = Release|Any CPU
		{4736CCBC-C6E2-4131-8DB1-AB48A4AB810F}.Release|x86.ActiveCfg = Release|Any CPU
		{4736CCBC-C6E2-4131-8DB1-AB48A4AB810F}.Release|x86.Build.0 = Release|Any CPU
		{4736CCBC-C6E2-4131-8DB1-AB48A4AB810F}.Shipping|Any CPU.ActiveCfg = Debug|Any CPU
		{4736CCBC-C6E2-4131-8DB1-AB48A4AB810F}.Shipping|Any CPU.Build.0 = Debug|Any CPU
		{4736CCBC-C6E2-4131-8DB1-AB48A4AB810F}.Shipping|arm64.ActiveCfg = Release|Any CPU
		{4736CCBC-C6E2-4131-8DB1-AB48A4AB810F}.Shipping|arm64.Build.0 = Release|Any CPU
		{4736CCBC-C6E2-4131-8DB1-AB48A4AB810F}.Shipping|x64.ActiveCfg = Release|Any CPU
		{4736CCBC-C6E2-4131-8DB1-AB48A4AB810F}.Shipping|x64.Build.0 = Release|Any CPU
		{4736CCBC-C6E2-4131-8DB1-AB48A4AB810F}.Shipping|x86.ActiveCfg = Release|Any CPU
		{4736CCBC-C6E2-4131-8DB1-AB48A4AB810F}.Shipping|x86.Build.0 = Release|Any CPU
		{159C2AB9-061B-4359-8417-558657D86D8F}.Debug|Any CPU.ActiveCfg = Debug|Any CPU
		{159C2AB9-061B-4359-8417-558657D86D8F}.Debug|Any CPU.Build.0 = Debug|Any CPU
		{159C2AB9-061B-4359-8417-558657D86D8F}.Debug|arm64.ActiveCfg = Debug|Any CPU
		{159C2AB9-061B-4359-8417-558657D86D8F}.Debug|arm64.Build.0 = Debug|Any CPU
		{159C2AB9-061B-4359-8417-558657D86D8F}.Debug|x64.ActiveCfg = Debug|Any CPU
		{159C2AB9-061B-4359-8417-558657D86D8F}.Debug|x64.Build.0 = Debug|Any CPU
		{159C2AB9-061B-4359-8417-558657D86D8F}.Debug|x86.ActiveCfg = Debug|Any CPU
		{159C2AB9-061B-4359-8417-558657D86D8F}.Debug|x86.Build.0 = Debug|Any CPU
		{159C2AB9-061B-4359-8417-558657D86D8F}.Release|Any CPU.ActiveCfg = Release|Any CPU
		{159C2AB9-061B-4359-8417-558657D86D8F}.Release|Any CPU.Build.0 = Release|Any CPU
		{159C2AB9-061B-4359-8417-558657D86D8F}.Release|arm64.ActiveCfg = Release|Any CPU
		{159C2AB9-061B-4359-8417-558657D86D8F}.Release|arm64.Build.0 = Release|Any CPU
		{159C2AB9-061B-4359-8417-558657D86D8F}.Release|x64.ActiveCfg = Release|Any CPU
		{159C2AB9-061B-4359-8417-558657D86D8F}.Release|x64.Build.0 = Release|Any CPU
		{159C2AB9-061B-4359-8417-558657D86D8F}.Release|x86.ActiveCfg = Release|Any CPU
		{159C2AB9-061B-4359-8417-558657D86D8F}.Release|x86.Build.0 = Release|Any CPU
		{159C2AB9-061B-4359-8417-558657D86D8F}.Shipping|Any CPU.ActiveCfg = Debug|Any CPU
		{159C2AB9-061B-4359-8417-558657D86D8F}.Shipping|Any CPU.Build.0 = Debug|Any CPU
		{159C2AB9-061B-4359-8417-558657D86D8F}.Shipping|arm64.ActiveCfg = Shipping|Any CPU
		{159C2AB9-061B-4359-8417-558657D86D8F}.Shipping|arm64.Build.0 = Shipping|Any CPU
		{159C2AB9-061B-4359-8417-558657D86D8F}.Shipping|x64.ActiveCfg = Shipping|Any CPU
		{159C2AB9-061B-4359-8417-558657D86D8F}.Shipping|x64.Build.0 = Shipping|Any CPU
		{159C2AB9-061B-4359-8417-558657D86D8F}.Shipping|x86.ActiveCfg = Shipping|Any CPU
		{159C2AB9-061B-4359-8417-558657D86D8F}.Shipping|x86.Build.0 = Shipping|Any CPU
		{7328CD80-112A-4954-A5DD-4FB196E87580}.Debug|Any CPU.ActiveCfg = Debug|Any CPU
		{7328CD80-112A-4954-A5DD-4FB196E87580}.Debug|Any CPU.Build.0 = Debug|Any CPU
		{7328CD80-112A-4954-A5DD-4FB196E87580}.Debug|arm64.ActiveCfg = Debug|Any CPU
		{7328CD80-112A-4954-A5DD-4FB196E87580}.Debug|arm64.Build.0 = Debug|Any CPU
		{7328CD80-112A-4954-A5DD-4FB196E87580}.Debug|x64.ActiveCfg = Debug|Any CPU
		{7328CD80-112A-4954-A5DD-4FB196E87580}.Debug|x64.Build.0 = Debug|Any CPU
		{7328CD80-112A-4954-A5DD-4FB196E87580}.Debug|x86.ActiveCfg = Debug|Any CPU
		{7328CD80-112A-4954-A5DD-4FB196E87580}.Debug|x86.Build.0 = Debug|Any CPU
		{7328CD80-112A-4954-A5DD-4FB196E87580}.Release|Any CPU.ActiveCfg = Release|Any CPU
		{7328CD80-112A-4954-A5DD-4FB196E87580}.Release|Any CPU.Build.0 = Release|Any CPU
		{7328CD80-112A-4954-A5DD-4FB196E87580}.Release|arm64.ActiveCfg = Release|Any CPU
		{7328CD80-112A-4954-A5DD-4FB196E87580}.Release|arm64.Build.0 = Release|Any CPU
		{7328CD80-112A-4954-A5DD-4FB196E87580}.Release|x64.ActiveCfg = Release|Any CPU
		{7328CD80-112A-4954-A5DD-4FB196E87580}.Release|x64.Build.0 = Release|Any CPU
		{7328CD80-112A-4954-A5DD-4FB196E87580}.Release|x86.ActiveCfg = Release|Any CPU
		{7328CD80-112A-4954-A5DD-4FB196E87580}.Release|x86.Build.0 = Release|Any CPU
		{7328CD80-112A-4954-A5DD-4FB196E87580}.Shipping|Any CPU.ActiveCfg = Debug|Any CPU
		{7328CD80-112A-4954-A5DD-4FB196E87580}.Shipping|Any CPU.Build.0 = Debug|Any CPU
		{7328CD80-112A-4954-A5DD-4FB196E87580}.Shipping|arm64.ActiveCfg = Shipping|Any CPU
		{7328CD80-112A-4954-A5DD-4FB196E87580}.Shipping|arm64.Build.0 = Shipping|Any CPU
		{7328CD80-112A-4954-A5DD-4FB196E87580}.Shipping|x64.ActiveCfg = Shipping|Any CPU
		{7328CD80-112A-4954-A5DD-4FB196E87580}.Shipping|x64.Build.0 = Shipping|Any CPU
		{7328CD80-112A-4954-A5DD-4FB196E87580}.Shipping|x86.ActiveCfg = Shipping|Any CPU
		{7328CD80-112A-4954-A5DD-4FB196E87580}.Shipping|x86.Build.0 = Shipping|Any CPU
		{B60E9BE5-E1D7-4DBF-BDD8-898D5B58CE13}.Debug|Any CPU.ActiveCfg = Debug|Any CPU
		{B60E9BE5-E1D7-4DBF-BDD8-898D5B58CE13}.Debug|Any CPU.Build.0 = Debug|Any CPU
		{B60E9BE5-E1D7-4DBF-BDD8-898D5B58CE13}.Debug|arm64.ActiveCfg = Debug|Any CPU
		{B60E9BE5-E1D7-4DBF-BDD8-898D5B58CE13}.Debug|arm64.Build.0 = Debug|Any CPU
		{B60E9BE5-E1D7-4DBF-BDD8-898D5B58CE13}.Debug|x64.ActiveCfg = Debug|Any CPU
		{B60E9BE5-E1D7-4DBF-BDD8-898D5B58CE13}.Debug|x64.Build.0 = Debug|Any CPU
		{B60E9BE5-E1D7-4DBF-BDD8-898D5B58CE13}.Debug|x86.ActiveCfg = Debug|Any CPU
		{B60E9BE5-E1D7-4DBF-BDD8-898D5B58CE13}.Debug|x86.Build.0 = Debug|Any CPU
		{B60E9BE5-E1D7-4DBF-BDD8-898D5B58CE13}.Release|Any CPU.ActiveCfg = Release|Any CPU
		{B60E9BE5-E1D7-4DBF-BDD8-898D5B58CE13}.Release|Any CPU.Build.0 = Release|Any CPU
		{B60E9BE5-E1D7-4DBF-BDD8-898D5B58CE13}.Release|arm64.ActiveCfg = Release|Any CPU
		{B60E9BE5-E1D7-4DBF-BDD8-898D5B58CE13}.Release|arm64.Build.0 = Release|Any CPU
		{B60E9BE5-E1D7-4DBF-BDD8-898D5B58CE13}.Release|x64.ActiveCfg = Release|Any CPU
		{B60E9BE5-E1D7-4DBF-BDD8-898D5B58CE13}.Release|x64.Build.0 = Release|Any CPU
		{B60E9BE5-E1D7-4DBF-BDD8-898D5B58CE13}.Release|x86.ActiveCfg = Release|Any CPU
		{B60E9BE5-E1D7-4DBF-BDD8-898D5B58CE13}.Release|x86.Build.0 = Release|Any CPU
		{B60E9BE5-E1D7-4DBF-BDD8-898D5B58CE13}.Shipping|Any CPU.ActiveCfg = Debug|Any CPU
		{B60E9BE5-E1D7-4DBF-BDD8-898D5B58CE13}.Shipping|Any CPU.Build.0 = Debug|Any CPU
		{B60E9BE5-E1D7-4DBF-BDD8-898D5B58CE13}.Shipping|arm64.ActiveCfg = Debug|Any CPU
		{B60E9BE5-E1D7-4DBF-BDD8-898D5B58CE13}.Shipping|arm64.Build.0 = Debug|Any CPU
		{B60E9BE5-E1D7-4DBF-BDD8-898D5B58CE13}.Shipping|x64.ActiveCfg = Debug|Any CPU
		{B60E9BE5-E1D7-4DBF-BDD8-898D5B58CE13}.Shipping|x64.Build.0 = Debug|Any CPU
		{B60E9BE5-E1D7-4DBF-BDD8-898D5B58CE13}.Shipping|x86.ActiveCfg = Debug|Any CPU
		{B60E9BE5-E1D7-4DBF-BDD8-898D5B58CE13}.Shipping|x86.Build.0 = Debug|Any CPU
		{D2C573D8-A7F1-4482-AC62-0532BFF16E21}.Debug|Any CPU.ActiveCfg = Debug|Any CPU
		{D2C573D8-A7F1-4482-AC62-0532BFF16E21}.Debug|Any CPU.Build.0 = Debug|Any CPU
		{D2C573D8-A7F1-4482-AC62-0532BFF16E21}.Debug|arm64.ActiveCfg = Debug|Any CPU
		{D2C573D8-A7F1-4482-AC62-0532BFF16E21}.Debug|arm64.Build.0 = Debug|Any CPU
		{D2C573D8-A7F1-4482-AC62-0532BFF16E21}.Debug|x64.ActiveCfg = Debug|Any CPU
		{D2C573D8-A7F1-4482-AC62-0532BFF16E21}.Debug|x64.Build.0 = Debug|Any CPU
		{D2C573D8-A7F1-4482-AC62-0532BFF16E21}.Debug|x86.ActiveCfg = Debug|Any CPU
		{D2C573D8-A7F1-4482-AC62-0532BFF16E21}.Debug|x86.Build.0 = Debug|Any CPU
		{D2C573D8-A7F1-4482-AC62-0532BFF16E21}.Release|Any CPU.ActiveCfg = Release|Any CPU
		{D2C573D8-A7F1-4482-AC62-0532BFF16E21}.Release|Any CPU.Build.0 = Release|Any CPU
		{D2C573D8-A7F1-4482-AC62-0532BFF16E21}.Release|arm64.ActiveCfg = Release|Any CPU
		{D2C573D8-A7F1-4482-AC62-0532BFF16E21}.Release|arm64.Build.0 = Release|Any CPU
		{D2C573D8-A7F1-4482-AC62-0532BFF16E21}.Release|x64.ActiveCfg = Release|Any CPU
		{D2C573D8-A7F1-4482-AC62-0532BFF16E21}.Release|x64.Build.0 = Release|Any CPU
		{D2C573D8-A7F1-4482-AC62-0532BFF16E21}.Release|x86.ActiveCfg = Release|Any CPU
		{D2C573D8-A7F1-4482-AC62-0532BFF16E21}.Release|x86.Build.0 = Release|Any CPU
		{D2C573D8-A7F1-4482-AC62-0532BFF16E21}.Shipping|Any CPU.ActiveCfg = Debug|Any CPU
		{D2C573D8-A7F1-4482-AC62-0532BFF16E21}.Shipping|Any CPU.Build.0 = Debug|Any CPU
		{D2C573D8-A7F1-4482-AC62-0532BFF16E21}.Shipping|arm64.ActiveCfg = Debug|Any CPU
		{D2C573D8-A7F1-4482-AC62-0532BFF16E21}.Shipping|arm64.Build.0 = Debug|Any CPU
		{D2C573D8-A7F1-4482-AC62-0532BFF16E21}.Shipping|x64.ActiveCfg = Debug|Any CPU
		{D2C573D8-A7F1-4482-AC62-0532BFF16E21}.Shipping|x64.Build.0 = Debug|Any CPU
		{D2C573D8-A7F1-4482-AC62-0532BFF16E21}.Shipping|x86.ActiveCfg = Debug|Any CPU
		{D2C573D8-A7F1-4482-AC62-0532BFF16E21}.Shipping|x86.Build.0 = Debug|Any CPU
		{6709FD77-CE73-4F6D-A295-5ECE24ED8FE5}.Debug|Any CPU.ActiveCfg = Debug|Any CPU
		{6709FD77-CE73-4F6D-A295-5ECE24ED8FE5}.Debug|Any CPU.Build.0 = Debug|Any CPU
		{6709FD77-CE73-4F6D-A295-5ECE24ED8FE5}.Debug|arm64.ActiveCfg = Debug|Any CPU
		{6709FD77-CE73-4F6D-A295-5ECE24ED8FE5}.Debug|arm64.Build.0 = Debug|Any CPU
		{6709FD77-CE73-4F6D-A295-5ECE24ED8FE5}.Debug|x64.ActiveCfg = Debug|Any CPU
		{6709FD77-CE73-4F6D-A295-5ECE24ED8FE5}.Debug|x64.Build.0 = Debug|Any CPU
		{6709FD77-CE73-4F6D-A295-5ECE24ED8FE5}.Debug|x86.ActiveCfg = Debug|Any CPU
		{6709FD77-CE73-4F6D-A295-5ECE24ED8FE5}.Debug|x86.Build.0 = Debug|Any CPU
		{6709FD77-CE73-4F6D-A295-5ECE24ED8FE5}.Release|Any CPU.ActiveCfg = Release|Any CPU
		{6709FD77-CE73-4F6D-A295-5ECE24ED8FE5}.Release|Any CPU.Build.0 = Release|Any CPU
		{6709FD77-CE73-4F6D-A295-5ECE24ED8FE5}.Release|arm64.ActiveCfg = Release|Any CPU
		{6709FD77-CE73-4F6D-A295-5ECE24ED8FE5}.Release|arm64.Build.0 = Release|Any CPU
		{6709FD77-CE73-4F6D-A295-5ECE24ED8FE5}.Release|x64.ActiveCfg = Release|Any CPU
		{6709FD77-CE73-4F6D-A295-5ECE24ED8FE5}.Release|x64.Build.0 = Release|Any CPU
		{6709FD77-CE73-4F6D-A295-5ECE24ED8FE5}.Release|x86.ActiveCfg = Release|Any CPU
		{6709FD77-CE73-4F6D-A295-5ECE24ED8FE5}.Release|x86.Build.0 = Release|Any CPU
		{6709FD77-CE73-4F6D-A295-5ECE24ED8FE5}.Shipping|Any CPU.ActiveCfg = Debug|Any CPU
		{6709FD77-CE73-4F6D-A295-5ECE24ED8FE5}.Shipping|Any CPU.Build.0 = Debug|Any CPU
		{6709FD77-CE73-4F6D-A295-5ECE24ED8FE5}.Shipping|arm64.ActiveCfg = Debug|Any CPU
		{6709FD77-CE73-4F6D-A295-5ECE24ED8FE5}.Shipping|arm64.Build.0 = Debug|Any CPU
		{6709FD77-CE73-4F6D-A295-5ECE24ED8FE5}.Shipping|x64.ActiveCfg = Debug|Any CPU
		{6709FD77-CE73-4F6D-A295-5ECE24ED8FE5}.Shipping|x64.Build.0 = Debug|Any CPU
		{6709FD77-CE73-4F6D-A295-5ECE24ED8FE5}.Shipping|x86.ActiveCfg = Debug|Any CPU
		{6709FD77-CE73-4F6D-A295-5ECE24ED8FE5}.Shipping|x86.Build.0 = Debug|Any CPU
		{8A154588-8B9B-4D32-B5E2-338D477CB219}.Debug|Any CPU.ActiveCfg = Debug|Any CPU
		{8A154588-8B9B-4D32-B5E2-338D477CB219}.Debug|Any CPU.Build.0 = Debug|Any CPU
		{8A154588-8B9B-4D32-B5E2-338D477CB219}.Debug|arm64.ActiveCfg = Debug|Any CPU
		{8A154588-8B9B-4D32-B5E2-338D477CB219}.Debug|arm64.Build.0 = Debug|Any CPU
		{8A154588-8B9B-4D32-B5E2-338D477CB219}.Debug|x64.ActiveCfg = Debug|Any CPU
		{8A154588-8B9B-4D32-B5E2-338D477CB219}.Debug|x64.Build.0 = Debug|Any CPU
		{8A154588-8B9B-4D32-B5E2-338D477CB219}.Debug|x86.ActiveCfg = Debug|Any CPU
		{8A154588-8B9B-4D32-B5E2-338D477CB219}.Debug|x86.Build.0 = Debug|Any CPU
		{8A154588-8B9B-4D32-B5E2-338D477CB219}.Release|Any CPU.ActiveCfg = Release|Any CPU
		{8A154588-8B9B-4D32-B5E2-338D477CB219}.Release|Any CPU.Build.0 = Release|Any CPU
		{8A154588-8B9B-4D32-B5E2-338D477CB219}.Release|arm64.ActiveCfg = Release|Any CPU
		{8A154588-8B9B-4D32-B5E2-338D477CB219}.Release|arm64.Build.0 = Release|Any CPU
		{8A154588-8B9B-4D32-B5E2-338D477CB219}.Release|x64.ActiveCfg = Release|Any CPU
		{8A154588-8B9B-4D32-B5E2-338D477CB219}.Release|x64.Build.0 = Release|Any CPU
		{8A154588-8B9B-4D32-B5E2-338D477CB219}.Release|x86.ActiveCfg = Release|Any CPU
		{8A154588-8B9B-4D32-B5E2-338D477CB219}.Release|x86.Build.0 = Release|Any CPU
		{8A154588-8B9B-4D32-B5E2-338D477CB219}.Shipping|Any CPU.ActiveCfg = Debug|Any CPU
		{8A154588-8B9B-4D32-B5E2-338D477CB219}.Shipping|Any CPU.Build.0 = Debug|Any CPU
		{8A154588-8B9B-4D32-B5E2-338D477CB219}.Shipping|arm64.ActiveCfg = Debug|Any CPU
		{8A154588-8B9B-4D32-B5E2-338D477CB219}.Shipping|arm64.Build.0 = Debug|Any CPU
		{8A154588-8B9B-4D32-B5E2-338D477CB219}.Shipping|x64.ActiveCfg = Debug|Any CPU
		{8A154588-8B9B-4D32-B5E2-338D477CB219}.Shipping|x64.Build.0 = Debug|Any CPU
		{8A154588-8B9B-4D32-B5E2-338D477CB219}.Shipping|x86.ActiveCfg = Debug|Any CPU
		{8A154588-8B9B-4D32-B5E2-338D477CB219}.Shipping|x86.Build.0 = Debug|Any CPU
	EndGlobalSection
	GlobalSection(SolutionProperties) = preSolution
		HideSolutionNode = FALSE
	EndGlobalSection
	GlobalSection(NestedProjects) = preSolution
		{025925E7-2C0E-45D7-864D-021620636B18} = {74127627-7DB8-4DB4-B491-454C750DB930}
		{387D90C1-A3E5-4D61-AD3B-422CD6A42283} = {74127627-7DB8-4DB4-B491-454C750DB930}
		{DEADA75B-515F-4A03-8178-ACB4E2913738} = {74127627-7DB8-4DB4-B491-454C750DB930}
		{088C5B7B-115D-49C9-963C-EBBE9D995648} = {74127627-7DB8-4DB4-B491-454C750DB930}
		{09AE8312-C593-4D53-9895-8556CACCFB11} = {74127627-7DB8-4DB4-B491-454C750DB930}
		{458692E9-0A02-48D2-9DD5-D326478313A2} = {74127627-7DB8-4DB4-B491-454C750DB930}
		{0C0ABB2C-BD95-406F-A6BB-82370E3820F7} = {D078C8E6-5D88-4DF0-9425-84E84CB7A6CD}
		{BB5CE964-F58E-496F-A833-B9DD29802E8C} = {D078C8E6-5D88-4DF0-9425-84E84CB7A6CD}
		{972296BE-2FC7-4AB7-8242-8B88E3CA970C} = {74127627-7DB8-4DB4-B491-454C750DB930}
		{60783C89-5057-4D0C-A1FE-642D761AED75} = {2E5F74ED-A362-46AD-81EF-3D06CC61DF7C}
		{27B06914-7F39-414F-A4B5-427EB8680E86} = {9DCCF95F-43AF-4B38-AAB8-4C07AC075E10}
		{1EB71319-7D03-4426-8321-5F4DADA3456C} = {74127627-7DB8-4DB4-B491-454C750DB930}
		{3F516423-6920-4DC6-8AE7-D5BB33E3C215} = {74127627-7DB8-4DB4-B491-454C750DB930}
		{3D7C970F-9CFA-4AA9-8E8E-F1E850DE0745} = {D078C8E6-5D88-4DF0-9425-84E84CB7A6CD}
		{1BF75D92-5F7B-4AEE-969B-267956A13393} = {D078C8E6-5D88-4DF0-9425-84E84CB7A6CD}
		{1DFFC1E2-AED1-4061-A21F-AF6296A95F96} = {74127627-7DB8-4DB4-B491-454C750DB930}
		{04AB8E57-9333-4191-8941-D4B244AF0441} = {74127627-7DB8-4DB4-B491-454C750DB930}
		{4736CCBC-C6E2-4131-8DB1-AB48A4AB810F} = {2E5F74ED-A362-46AD-81EF-3D06CC61DF7C}
		{159C2AB9-061B-4359-8417-558657D86D8F} = {74127627-7DB8-4DB4-B491-454C750DB930}
		{7328CD80-112A-4954-A5DD-4FB196E87580} = {74127627-7DB8-4DB4-B491-454C750DB930}
		{B60E9BE5-E1D7-4DBF-BDD8-898D5B58CE13} = {D078C8E6-5D88-4DF0-9425-84E84CB7A6CD}
		{D2C573D8-A7F1-4482-AC62-0532BFF16E21} = {D078C8E6-5D88-4DF0-9425-84E84CB7A6CD}
		{6709FD77-CE73-4F6D-A295-5ECE24ED8FE5} = {D078C8E6-5D88-4DF0-9425-84E84CB7A6CD}
		{8A154588-8B9B-4D32-B5E2-338D477CB219} = {74127627-7DB8-4DB4-B491-454C750DB930}
	EndGlobalSection
	GlobalSection(ExtensibilityGlobals) = postSolution
		SolutionGuid = {78854958-BC31-4FAE-99A7-2C398C2607BD}
	EndGlobalSection
EndGlobal
