
Microsoft Visual Studio Solution File, Format Version 12.00
# Visual Studio Version 16
VisualStudioVersion = 16.0.30516.212
MinimumVisualStudioVersion = 10.0.40219.1
Project("{9A19103F-16F7-4668-BE54-9A1E7A4F7556}") = "Titan.Sandbox", "src\Titan.Sandbox\Titan.Sandbox.csproj", "{3F8A1FE3-A3EE-4C3E-94F6-5D0517752CDB}"
EndProject
Project("{2150E333-8FDC-42A3-9474-1A3956D46DE8}") = "Engine", "Engine", "{F2F17201-8E65-4284-AB69-902FD25F1C63}"
EndProject
Project("{2150E333-8FDC-42A3-9474-1A3956D46DE8}") = "Tests", "Tests", "{356E7F71-4ED3-406C-BD86-156D7AFCC57C}"
EndProject
Project("{9A19103F-16F7-4668-BE54-9A1E7A4F7556}") = "Titan", "src\Titan\Titan.csproj", "{D81C5EB5-8F87-432B-951C-086BC4C222A6}"
EndProject
Project("{9A19103F-16F7-4668-BE54-9A1E7A4F7556}") = "Titan.Core", "src\Titan.Core\Titan.Core.csproj", "{8D430C73-9023-45C2-B434-02A75046AC46}"
EndProject
Project("{2150E333-8FDC-42A3-9474-1A3956D46DE8}") = "Other", "Other", "{BFD1A3E8-CEEE-4020-8020-ACDCD0C92D3F}"
EndProject
Project("{9A19103F-16F7-4668-BE54-9A1E7A4F7556}") = "Titan.IOC", "src\Titan.IOC\Titan.IOC.csproj", "{FDD27D25-FA21-42EA-B77E-E90298649257}"
EndProject
Project("{2150E333-8FDC-42A3-9474-1A3956D46DE8}") = "Tools", "Tools", "{BE7E7A08-4444-4878-8BB4-D02F12E8EA37}"
EndProject
Project("{9A19103F-16F7-4668-BE54-9A1E7A4F7556}") = "Titan.Benchmark", "src\Titan.Benchmark\Titan.Benchmark.csproj", "{68193550-82F3-4AD1-B461-2AF72D873C7E}"
EndProject
Project("{9A19103F-16F7-4668-BE54-9A1E7A4F7556}") = "Titan.Windows", "src\Titan.Windows\Titan.Windows.csproj", "{83582C4E-27D4-4338-9D15-ACDE9A034B88}"
EndProject
Project("{9A19103F-16F7-4668-BE54-9A1E7A4F7556}") = "Titan.Graphics", "src\Titan.Graphics\Titan.Graphics.csproj", "{E89EB1D9-237C-4EFD-BE41-31C50DB9FD43}"
EndProject
Project("{9A19103F-16F7-4668-BE54-9A1E7A4F7556}") = "Titan.SourceGenerators", "src\Titan.SourceGenerators\Titan.SourceGenerators.csproj", "{3331A4E3-BB22-41F5-812D-F7473B7972F2}"
EndProject
Project("{9A19103F-16F7-4668-BE54-9A1E7A4F7556}") = "Titan.AssetConverter", "src\Titan.AssetConverter\Titan.AssetConverter.csproj", "{1E6CAA5C-77A1-4B40-879F-68DB3B28D529}"
EndProject
Project("{9A19103F-16F7-4668-BE54-9A1E7A4F7556}") = "Titan.ECS", "src\Titan.ECS\Titan.ECS.csproj", "{208728EA-6BA3-4955-89AF-32CD0DBE3A1A}"
EndProject
Project("{FAE04EC0-301F-11D3-BF4B-00C04F79EFBC}") = "Titan.ECS.Tests", "tests\Titan.ECS.Tests\Titan.ECS.Tests.csproj", "{0DBCD8D0-ADFA-4441-81B0-F29A24D4DBF7}"
EndProject
Global
	GlobalSection(SolutionConfigurationPlatforms) = preSolution
		Debug|Any CPU = Debug|Any CPU
		Release|Any CPU = Release|Any CPU
	EndGlobalSection
	GlobalSection(ProjectConfigurationPlatforms) = postSolution
		{3F8A1FE3-A3EE-4C3E-94F6-5D0517752CDB}.Debug|Any CPU.ActiveCfg = Debug|Any CPU
		{3F8A1FE3-A3EE-4C3E-94F6-5D0517752CDB}.Debug|Any CPU.Build.0 = Debug|Any CPU
		{3F8A1FE3-A3EE-4C3E-94F6-5D0517752CDB}.Release|Any CPU.ActiveCfg = Release|Any CPU
		{3F8A1FE3-A3EE-4C3E-94F6-5D0517752CDB}.Release|Any CPU.Build.0 = Release|Any CPU
		{D81C5EB5-8F87-432B-951C-086BC4C222A6}.Debug|Any CPU.ActiveCfg = Debug|Any CPU
		{D81C5EB5-8F87-432B-951C-086BC4C222A6}.Debug|Any CPU.Build.0 = Debug|Any CPU
		{D81C5EB5-8F87-432B-951C-086BC4C222A6}.Release|Any CPU.ActiveCfg = Release|Any CPU
		{D81C5EB5-8F87-432B-951C-086BC4C222A6}.Release|Any CPU.Build.0 = Release|Any CPU
		{8D430C73-9023-45C2-B434-02A75046AC46}.Debug|Any CPU.ActiveCfg = Debug|Any CPU
		{8D430C73-9023-45C2-B434-02A75046AC46}.Debug|Any CPU.Build.0 = Debug|Any CPU
		{8D430C73-9023-45C2-B434-02A75046AC46}.Release|Any CPU.ActiveCfg = Release|Any CPU
		{8D430C73-9023-45C2-B434-02A75046AC46}.Release|Any CPU.Build.0 = Release|Any CPU
		{FDD27D25-FA21-42EA-B77E-E90298649257}.Debug|Any CPU.ActiveCfg = Debug|Any CPU
		{FDD27D25-FA21-42EA-B77E-E90298649257}.Debug|Any CPU.Build.0 = Debug|Any CPU
		{FDD27D25-FA21-42EA-B77E-E90298649257}.Release|Any CPU.ActiveCfg = Release|Any CPU
		{FDD27D25-FA21-42EA-B77E-E90298649257}.Release|Any CPU.Build.0 = Release|Any CPU
		{68193550-82F3-4AD1-B461-2AF72D873C7E}.Debug|Any CPU.ActiveCfg = Debug|Any CPU
		{68193550-82F3-4AD1-B461-2AF72D873C7E}.Debug|Any CPU.Build.0 = Debug|Any CPU
		{68193550-82F3-4AD1-B461-2AF72D873C7E}.Release|Any CPU.ActiveCfg = Release|Any CPU
		{68193550-82F3-4AD1-B461-2AF72D873C7E}.Release|Any CPU.Build.0 = Release|Any CPU
		{83582C4E-27D4-4338-9D15-ACDE9A034B88}.Debug|Any CPU.ActiveCfg = Debug|Any CPU
		{83582C4E-27D4-4338-9D15-ACDE9A034B88}.Debug|Any CPU.Build.0 = Debug|Any CPU
		{83582C4E-27D4-4338-9D15-ACDE9A034B88}.Release|Any CPU.ActiveCfg = Release|Any CPU
		{83582C4E-27D4-4338-9D15-ACDE9A034B88}.Release|Any CPU.Build.0 = Release|Any CPU
		{E89EB1D9-237C-4EFD-BE41-31C50DB9FD43}.Debug|Any CPU.ActiveCfg = Debug|Any CPU
		{E89EB1D9-237C-4EFD-BE41-31C50DB9FD43}.Debug|Any CPU.Build.0 = Debug|Any CPU
		{E89EB1D9-237C-4EFD-BE41-31C50DB9FD43}.Release|Any CPU.ActiveCfg = Release|Any CPU
		{E89EB1D9-237C-4EFD-BE41-31C50DB9FD43}.Release|Any CPU.Build.0 = Release|Any CPU
		{3331A4E3-BB22-41F5-812D-F7473B7972F2}.Debug|Any CPU.ActiveCfg = Debug|Any CPU
		{3331A4E3-BB22-41F5-812D-F7473B7972F2}.Debug|Any CPU.Build.0 = Debug|Any CPU
		{3331A4E3-BB22-41F5-812D-F7473B7972F2}.Release|Any CPU.ActiveCfg = Release|Any CPU
		{3331A4E3-BB22-41F5-812D-F7473B7972F2}.Release|Any CPU.Build.0 = Release|Any CPU
		{1E6CAA5C-77A1-4B40-879F-68DB3B28D529}.Debug|Any CPU.ActiveCfg = Debug|Any CPU
		{1E6CAA5C-77A1-4B40-879F-68DB3B28D529}.Debug|Any CPU.Build.0 = Debug|Any CPU
		{1E6CAA5C-77A1-4B40-879F-68DB3B28D529}.Release|Any CPU.ActiveCfg = Release|Any CPU
		{1E6CAA5C-77A1-4B40-879F-68DB3B28D529}.Release|Any CPU.Build.0 = Release|Any CPU
		{208728EA-6BA3-4955-89AF-32CD0DBE3A1A}.Debug|Any CPU.ActiveCfg = Debug|Any CPU
		{208728EA-6BA3-4955-89AF-32CD0DBE3A1A}.Debug|Any CPU.Build.0 = Debug|Any CPU
		{208728EA-6BA3-4955-89AF-32CD0DBE3A1A}.Release|Any CPU.ActiveCfg = Release|Any CPU
		{208728EA-6BA3-4955-89AF-32CD0DBE3A1A}.Release|Any CPU.Build.0 = Release|Any CPU
		{0DBCD8D0-ADFA-4441-81B0-F29A24D4DBF7}.Debug|Any CPU.ActiveCfg = Debug|Any CPU
		{0DBCD8D0-ADFA-4441-81B0-F29A24D4DBF7}.Debug|Any CPU.Build.0 = Debug|Any CPU
		{0DBCD8D0-ADFA-4441-81B0-F29A24D4DBF7}.Release|Any CPU.ActiveCfg = Release|Any CPU
		{0DBCD8D0-ADFA-4441-81B0-F29A24D4DBF7}.Release|Any CPU.Build.0 = Release|Any CPU
	EndGlobalSection
	GlobalSection(SolutionProperties) = preSolution
		HideSolutionNode = FALSE
	EndGlobalSection
	GlobalSection(NestedProjects) = preSolution
		{D81C5EB5-8F87-432B-951C-086BC4C222A6} = {F2F17201-8E65-4284-AB69-902FD25F1C63}
		{8D430C73-9023-45C2-B434-02A75046AC46} = {F2F17201-8E65-4284-AB69-902FD25F1C63}
		{FDD27D25-FA21-42EA-B77E-E90298649257} = {BFD1A3E8-CEEE-4020-8020-ACDCD0C92D3F}
		{68193550-82F3-4AD1-B461-2AF72D873C7E} = {BE7E7A08-4444-4878-8BB4-D02F12E8EA37}
		{83582C4E-27D4-4338-9D15-ACDE9A034B88} = {F2F17201-8E65-4284-AB69-902FD25F1C63}
		{E89EB1D9-237C-4EFD-BE41-31C50DB9FD43} = {F2F17201-8E65-4284-AB69-902FD25F1C63}
		{3331A4E3-BB22-41F5-812D-F7473B7972F2} = {F2F17201-8E65-4284-AB69-902FD25F1C63}
		{1E6CAA5C-77A1-4B40-879F-68DB3B28D529} = {BE7E7A08-4444-4878-8BB4-D02F12E8EA37}
		{208728EA-6BA3-4955-89AF-32CD0DBE3A1A} = {F2F17201-8E65-4284-AB69-902FD25F1C63}
		{0DBCD8D0-ADFA-4441-81B0-F29A24D4DBF7} = {356E7F71-4ED3-406C-BD86-156D7AFCC57C}
	EndGlobalSection
	GlobalSection(ExtensibilityGlobals) = postSolution
		SolutionGuid = {B379FCF9-0746-4E66-BFF2-78F67D73774A}
	EndGlobalSection
EndGlobal
