
Microsoft Visual Studio Solution File, Format Version 12.00
# Visual Studio Version 16
VisualStudioVersion = 16.0.31025.218
MinimumVisualStudioVersion = 10.0.40219.1
Project("{9A19103F-16F7-4668-BE54-9A1E7A4F7556}") = "Titan", "src2\Titan\Titan.csproj", "{025925E7-2C0E-45D7-864D-021620636B18}"
EndProject
Project("{2150E333-8FDC-42A3-9474-1A3956D46DE8}") = "Engine", "Engine", "{74127627-7DB8-4DB4-B491-454C750DB930}"
EndProject
Project("{2150E333-8FDC-42A3-9474-1A3956D46DE8}") = "Samples", "Samples", "{31969BD8-6C6B-44E4-85C5-526E46F52C9B}"
EndProject
Project("{9A19103F-16F7-4668-BE54-9A1E7A4F7556}") = "Titan.Sandbox", "samples\Titan.Sandbox\Titan.Sandbox.csproj", "{D3624F7E-8F6B-4994-AA86-CB1C084652F8}"
EndProject
Project("{9A19103F-16F7-4668-BE54-9A1E7A4F7556}") = "Titan.Core", "src2\Titan.Core\Titan.Core.csproj", "{387D90C1-A3E5-4D61-AD3B-422CD6A42283}"
EndProject
Project("{9A19103F-16F7-4668-BE54-9A1E7A4F7556}") = "Titan.Windows", "src2\Titan.Windows\Titan.Windows.csproj", "{DEADA75B-515F-4A03-8178-ACB4E2913738}"
EndProject
Project("{9A19103F-16F7-4668-BE54-9A1E7A4F7556}") = "Titan.Graphics", "src2\Titan.Graphics\Titan.Graphics.csproj", "{088C5B7B-115D-49C9-963C-EBBE9D995648}"
EndProject
Project("{9A19103F-16F7-4668-BE54-9A1E7A4F7556}") = "Titan.Assets", "src2\Titan.Assets\Titan.Assets.csproj", "{09AE8312-C593-4D53-9895-8556CACCFB11}"
EndProject
Project("{2150E333-8FDC-42A3-9474-1A3956D46DE8}") = "Tools", "Tools", "{D078C8E6-5D88-4DF0-9425-84E84CB7A6CD}"
EndProject
Project("{9A19103F-16F7-4668-BE54-9A1E7A4F7556}") = "Tools.ManifestBuilder", "src2\Tools.ManifestBuilder\Tools.ManifestBuilder.csproj", "{9BC7D8D9-F6F4-4931-A3C5-7FF40ED98471}"
EndProject
Project("{9A19103F-16F7-4668-BE54-9A1E7A4F7556}") = "Titan.CodeGeneration", "src2\Titan.CodeGeneration\Titan.CodeGeneration.csproj", "{458692E9-0A02-48D2-9DD5-D326478313A2}"
EndProject
Project("{9A19103F-16F7-4668-BE54-9A1E7A4F7556}") = "Tools.Core", "src2\Tools.Core\Tools.Core.csproj", "{0C0ABB2C-BD95-406F-A6BB-82370E3820F7}"
EndProject
Project("{9A19103F-16F7-4668-BE54-9A1E7A4F7556}") = "Tools.ModelBuilder", "src2\Tools.ModelBuilder\Tools.ModelBuilder.csproj", "{BB5CE964-F58E-496F-A833-B9DD29802E8C}"
EndProject
Project("{9A19103F-16F7-4668-BE54-9A1E7A4F7556}") = "Titan.ECS", "src2\Titan.ECS\Titan.ECS.csproj", "{972296BE-2FC7-4AB7-8242-8B88E3CA970C}"
EndProject
Project("{2150E333-8FDC-42A3-9474-1A3956D46DE8}") = "Tests", "Tests", "{2E5F74ED-A362-46AD-81EF-3D06CC61DF7C}"
EndProject
Project("{FAE04EC0-301F-11D3-BF4B-00C04F79EFBC}") = "Titan.ECS.Tests", "tests2\Titan.ECS.Tests\Titan.ECS.Tests.csproj", "{60783C89-5057-4D0C-A1FE-642D761AED75}"
EndProject
Global
	GlobalSection(SolutionConfigurationPlatforms) = preSolution
		Debug|Any CPU = Debug|Any CPU
		Release|Any CPU = Release|Any CPU
	EndGlobalSection
	GlobalSection(ProjectConfigurationPlatforms) = postSolution
		{025925E7-2C0E-45D7-864D-021620636B18}.Debug|Any CPU.ActiveCfg = Debug|Any CPU
		{025925E7-2C0E-45D7-864D-021620636B18}.Debug|Any CPU.Build.0 = Debug|Any CPU
		{025925E7-2C0E-45D7-864D-021620636B18}.Release|Any CPU.ActiveCfg = Release|Any CPU
		{025925E7-2C0E-45D7-864D-021620636B18}.Release|Any CPU.Build.0 = Release|Any CPU
		{D3624F7E-8F6B-4994-AA86-CB1C084652F8}.Debug|Any CPU.ActiveCfg = Debug|Any CPU
		{D3624F7E-8F6B-4994-AA86-CB1C084652F8}.Debug|Any CPU.Build.0 = Debug|Any CPU
		{D3624F7E-8F6B-4994-AA86-CB1C084652F8}.Release|Any CPU.ActiveCfg = Release|Any CPU
		{D3624F7E-8F6B-4994-AA86-CB1C084652F8}.Release|Any CPU.Build.0 = Release|Any CPU
		{387D90C1-A3E5-4D61-AD3B-422CD6A42283}.Debug|Any CPU.ActiveCfg = Debug|Any CPU
		{387D90C1-A3E5-4D61-AD3B-422CD6A42283}.Debug|Any CPU.Build.0 = Debug|Any CPU
		{387D90C1-A3E5-4D61-AD3B-422CD6A42283}.Release|Any CPU.ActiveCfg = Release|Any CPU
		{387D90C1-A3E5-4D61-AD3B-422CD6A42283}.Release|Any CPU.Build.0 = Release|Any CPU
		{DEADA75B-515F-4A03-8178-ACB4E2913738}.Debug|Any CPU.ActiveCfg = Debug|Any CPU
		{DEADA75B-515F-4A03-8178-ACB4E2913738}.Debug|Any CPU.Build.0 = Debug|Any CPU
		{DEADA75B-515F-4A03-8178-ACB4E2913738}.Release|Any CPU.ActiveCfg = Release|Any CPU
		{DEADA75B-515F-4A03-8178-ACB4E2913738}.Release|Any CPU.Build.0 = Release|Any CPU
		{088C5B7B-115D-49C9-963C-EBBE9D995648}.Debug|Any CPU.ActiveCfg = Debug|Any CPU
		{088C5B7B-115D-49C9-963C-EBBE9D995648}.Debug|Any CPU.Build.0 = Debug|Any CPU
		{088C5B7B-115D-49C9-963C-EBBE9D995648}.Release|Any CPU.ActiveCfg = Release|Any CPU
		{088C5B7B-115D-49C9-963C-EBBE9D995648}.Release|Any CPU.Build.0 = Release|Any CPU
		{09AE8312-C593-4D53-9895-8556CACCFB11}.Debug|Any CPU.ActiveCfg = Debug|Any CPU
		{09AE8312-C593-4D53-9895-8556CACCFB11}.Debug|Any CPU.Build.0 = Debug|Any CPU
		{09AE8312-C593-4D53-9895-8556CACCFB11}.Release|Any CPU.ActiveCfg = Release|Any CPU
		{09AE8312-C593-4D53-9895-8556CACCFB11}.Release|Any CPU.Build.0 = Release|Any CPU
		{9BC7D8D9-F6F4-4931-A3C5-7FF40ED98471}.Debug|Any CPU.ActiveCfg = Debug|Any CPU
		{9BC7D8D9-F6F4-4931-A3C5-7FF40ED98471}.Debug|Any CPU.Build.0 = Debug|Any CPU
		{9BC7D8D9-F6F4-4931-A3C5-7FF40ED98471}.Release|Any CPU.ActiveCfg = Release|Any CPU
		{9BC7D8D9-F6F4-4931-A3C5-7FF40ED98471}.Release|Any CPU.Build.0 = Release|Any CPU
		{458692E9-0A02-48D2-9DD5-D326478313A2}.Debug|Any CPU.ActiveCfg = Debug|Any CPU
		{458692E9-0A02-48D2-9DD5-D326478313A2}.Debug|Any CPU.Build.0 = Debug|Any CPU
		{458692E9-0A02-48D2-9DD5-D326478313A2}.Release|Any CPU.ActiveCfg = Release|Any CPU
		{458692E9-0A02-48D2-9DD5-D326478313A2}.Release|Any CPU.Build.0 = Release|Any CPU
		{0C0ABB2C-BD95-406F-A6BB-82370E3820F7}.Debug|Any CPU.ActiveCfg = Debug|Any CPU
		{0C0ABB2C-BD95-406F-A6BB-82370E3820F7}.Debug|Any CPU.Build.0 = Debug|Any CPU
		{0C0ABB2C-BD95-406F-A6BB-82370E3820F7}.Release|Any CPU.ActiveCfg = Release|Any CPU
		{0C0ABB2C-BD95-406F-A6BB-82370E3820F7}.Release|Any CPU.Build.0 = Release|Any CPU
		{BB5CE964-F58E-496F-A833-B9DD29802E8C}.Debug|Any CPU.ActiveCfg = Debug|Any CPU
		{BB5CE964-F58E-496F-A833-B9DD29802E8C}.Debug|Any CPU.Build.0 = Debug|Any CPU
		{BB5CE964-F58E-496F-A833-B9DD29802E8C}.Release|Any CPU.ActiveCfg = Release|Any CPU
		{BB5CE964-F58E-496F-A833-B9DD29802E8C}.Release|Any CPU.Build.0 = Release|Any CPU
		{972296BE-2FC7-4AB7-8242-8B88E3CA970C}.Debug|Any CPU.ActiveCfg = Debug|Any CPU
		{972296BE-2FC7-4AB7-8242-8B88E3CA970C}.Debug|Any CPU.Build.0 = Debug|Any CPU
		{972296BE-2FC7-4AB7-8242-8B88E3CA970C}.Release|Any CPU.ActiveCfg = Release|Any CPU
		{972296BE-2FC7-4AB7-8242-8B88E3CA970C}.Release|Any CPU.Build.0 = Release|Any CPU
		{60783C89-5057-4D0C-A1FE-642D761AED75}.Debug|Any CPU.ActiveCfg = Debug|Any CPU
		{60783C89-5057-4D0C-A1FE-642D761AED75}.Debug|Any CPU.Build.0 = Debug|Any CPU
		{60783C89-5057-4D0C-A1FE-642D761AED75}.Release|Any CPU.ActiveCfg = Release|Any CPU
		{60783C89-5057-4D0C-A1FE-642D761AED75}.Release|Any CPU.Build.0 = Release|Any CPU
	EndGlobalSection
	GlobalSection(SolutionProperties) = preSolution
		HideSolutionNode = FALSE
	EndGlobalSection
	GlobalSection(NestedProjects) = preSolution
		{025925E7-2C0E-45D7-864D-021620636B18} = {74127627-7DB8-4DB4-B491-454C750DB930}
		{D3624F7E-8F6B-4994-AA86-CB1C084652F8} = {31969BD8-6C6B-44E4-85C5-526E46F52C9B}
		{387D90C1-A3E5-4D61-AD3B-422CD6A42283} = {74127627-7DB8-4DB4-B491-454C750DB930}
		{DEADA75B-515F-4A03-8178-ACB4E2913738} = {74127627-7DB8-4DB4-B491-454C750DB930}
		{088C5B7B-115D-49C9-963C-EBBE9D995648} = {74127627-7DB8-4DB4-B491-454C750DB930}
		{09AE8312-C593-4D53-9895-8556CACCFB11} = {74127627-7DB8-4DB4-B491-454C750DB930}
		{9BC7D8D9-F6F4-4931-A3C5-7FF40ED98471} = {D078C8E6-5D88-4DF0-9425-84E84CB7A6CD}
		{458692E9-0A02-48D2-9DD5-D326478313A2} = {74127627-7DB8-4DB4-B491-454C750DB930}
		{0C0ABB2C-BD95-406F-A6BB-82370E3820F7} = {D078C8E6-5D88-4DF0-9425-84E84CB7A6CD}
		{BB5CE964-F58E-496F-A833-B9DD29802E8C} = {D078C8E6-5D88-4DF0-9425-84E84CB7A6CD}
		{972296BE-2FC7-4AB7-8242-8B88E3CA970C} = {74127627-7DB8-4DB4-B491-454C750DB930}
		{60783C89-5057-4D0C-A1FE-642D761AED75} = {2E5F74ED-A362-46AD-81EF-3D06CC61DF7C}
	EndGlobalSection
	GlobalSection(ExtensibilityGlobals) = postSolution
		SolutionGuid = {78854958-BC31-4FAE-99A7-2C398C2607BD}
	EndGlobalSection
EndGlobal
