
Microsoft Visual Studio Solution File, Format Version 12.00
# Visual Studio Version 16
VisualStudioVersion = 16.0.30516.212
MinimumVisualStudioVersion = 10.0.40219.1
Project("{FAE04EC0-301F-11D3-BF4B-00C04F79EFBC}") = "Titan.Sandbox", "src\Titan.Sandbox\Titan.Sandbox.csproj", "{3F8A1FE3-A3EE-4C3E-94F6-5D0517752CDB}"
EndProject
Global
	GlobalSection(SolutionConfigurationPlatforms) = preSolution
		Debug|Any CPU = Debug|Any CPU
		Release|Any CPU = Release|Any CPU
	EndGlobalSection
	GlobalSection(ProjectConfigurationPlatforms) = postSolution
		{3F8A1FE3-A3EE-4C3E-94F6-5D0517752CDB}.Debug|Any CPU.ActiveCfg = Debug|Any CPU
		{3F8A1FE3-A3EE-4C3E-94F6-5D0517752CDB}.Debug|Any CPU.Build.0 = Debug|Any CPU
		{3F8A1FE3-A3EE-4C3E-94F6-5D0517752CDB}.Release|Any CPU.ActiveCfg = Release|Any CPU
		{3F8A1FE3-A3EE-4C3E-94F6-5D0517752CDB}.Release|Any CPU.Build.0 = Release|Any CPU
	EndGlobalSection
	GlobalSection(SolutionProperties) = preSolution
		HideSolutionNode = FALSE
	EndGlobalSection
	GlobalSection(ExtensibilityGlobals) = postSolution
		SolutionGuid = {B379FCF9-0746-4E66-BFF2-78F67D73774A}
	EndGlobalSection
EndGlobal
